// !$*UTF8*$!
{
	archiveVersion = 1;
	classes = {
	};
	objectVersion = 50;
	objects = {

/* Begin PBXBuildFile section */
		CA9BD8AC4055B8F3115FF397 /* libPods-WorldWeatherDemo.a in Frameworks */ = {isa = PBXBuildFile; fileRef = C269AE794428F76BC97F40B7 /* libPods-WorldWeatherDemo.a */; };
		D957885A22FAA39200BCC0EE /* CountriesListTableViewController.m in Sources */ = {isa = PBXBuildFile; fileRef = D957885922FAA39200BCC0EE /* CountriesListTableViewController.m */; };
		D957885E22FAAB1700BCC0EE /* CountriesListPresenter.m in Sources */ = {isa = PBXBuildFile; fileRef = D957885D22FAAB1700BCC0EE /* CountriesListPresenter.m */; };
		D995EDA422FAB223003FA6DD /* DefaultAssembler.m in Sources */ = {isa = PBXBuildFile; fileRef = D995EDA322FAB223003FA6DD /* DefaultAssembler.m */; };
		D9BD4F7722FA9CA000B280C9 /* AppDelegate.m in Sources */ = {isa = PBXBuildFile; fileRef = D9BD4F7622FA9CA000B280C9 /* AppDelegate.m */; };
		D9BD4F7D22FA9CA000B280C9 /* Main.storyboard in Resources */ = {isa = PBXBuildFile; fileRef = D9BD4F7B22FA9CA000B280C9 /* Main.storyboard */; };
		D9BD4F8022FA9CA000B280C9 /* WorldWeatherDemo.xcdatamodeld in Sources */ = {isa = PBXBuildFile; fileRef = D9BD4F7E22FA9CA000B280C9 /* WorldWeatherDemo.xcdatamodeld */; };
		D9BD4F8222FA9CA300B280C9 /* Assets.xcassets in Resources */ = {isa = PBXBuildFile; fileRef = D9BD4F8122FA9CA300B280C9 /* Assets.xcassets */; };
		D9BD4F8522FA9CA300B280C9 /* LaunchScreen.storyboard in Resources */ = {isa = PBXBuildFile; fileRef = D9BD4F8322FA9CA300B280C9 /* LaunchScreen.storyboard */; };
		D9BD4F8822FA9CA300B280C9 /* main.m in Sources */ = {isa = PBXBuildFile; fileRef = D9BD4F8722FA9CA300B280C9 /* main.m */; };
		D9BD4F9222FA9CA300B280C9 /* WorldWeatherDemoTests.m in Sources */ = {isa = PBXBuildFile; fileRef = D9BD4F9122FA9CA300B280C9 /* WorldWeatherDemoTests.m */; };
		D9BD4F9D22FA9CA300B280C9 /* WorldWeatherDemoUITests.m in Sources */ = {isa = PBXBuildFile; fileRef = D9BD4F9C22FA9CA300B280C9 /* WorldWeatherDemoUITests.m */; };
		D9E62CFB22FE900000B65CC6 /* CountriesListAssembler.m in Sources */ = {isa = PBXBuildFile; fileRef = D9E62CFA22FE900000B65CC6 /* CountriesListAssembler.m */; };
		D9E62D0022FE991700B65CC6 /* DetailedWeatherAssembler.m in Sources */ = {isa = PBXBuildFile; fileRef = D9E62CFF22FE991700B65CC6 /* DetailedWeatherAssembler.m */; };
		D9E62D0322FE994D00B65CC6 /* ModuleAssemblerFactory.m in Sources */ = {isa = PBXBuildFile; fileRef = D9E62D0222FE994D00B65CC6 /* ModuleAssemblerFactory.m */; };
		D9E62D0522FE9CC400B65CC6 /* CountriesList.xib in Resources */ = {isa = PBXBuildFile; fileRef = D9E62D0422FE9CC400B65CC6 /* CountriesList.xib */; };
		D9E62D0D22FE9F6000B65CC6 /* DefaultRouter.m in Sources */ = {isa = PBXBuildFile; fileRef = D9E62D0C22FE9F6000B65CC6 /* DefaultRouter.m */; };
		D9E9811622FADC5500E46D37 /* DetailedWeatherViewController.m in Sources */ = {isa = PBXBuildFile; fileRef = D9E9811422FADC5500E46D37 /* DetailedWeatherViewController.m */; };
		D9E9811722FADC5500E46D37 /* DetailedWeather.xib in Resources */ = {isa = PBXBuildFile; fileRef = D9E9811522FADC5500E46D37 /* DetailedWeather.xib */; };
		D9E9811A22FADCD600E46D37 /* DetailedWeatherPresenter.m in Sources */ = {isa = PBXBuildFile; fileRef = D9E9811922FADCD600E46D37 /* DetailedWeatherPresenter.m */; };
/* End PBXBuildFile section */

/* Begin PBXContainerItemProxy section */
		D9BD4F8E22FA9CA300B280C9 /* PBXContainerItemProxy */ = {
			isa = PBXContainerItemProxy;
			containerPortal = D9BD4F6A22FA9CA000B280C9 /* Project object */;
			proxyType = 1;
			remoteGlobalIDString = D9BD4F7122FA9CA000B280C9;
			remoteInfo = WorldWeatherDemo;
		};
		D9BD4F9922FA9CA300B280C9 /* PBXContainerItemProxy */ = {
			isa = PBXContainerItemProxy;
			containerPortal = D9BD4F6A22FA9CA000B280C9 /* Project object */;
			proxyType = 1;
			remoteGlobalIDString = D9BD4F7122FA9CA000B280C9;
			remoteInfo = WorldWeatherDemo;
		};
/* End PBXContainerItemProxy section */

/* Begin PBXFileReference section */
		6E213CDE254B396592614C92 /* Pods-WorldWeatherDemo.debug.xcconfig */ = {isa = PBXFileReference; includeInIndex = 1; lastKnownFileType = text.xcconfig; name = "Pods-WorldWeatherDemo.debug.xcconfig"; path = "Pods/Target Support Files/Pods-WorldWeatherDemo/Pods-WorldWeatherDemo.debug.xcconfig"; sourceTree = "<group>"; };
		72105640C09B497B0917ABB2 /* Pods-WorldWeatherDemo.release.xcconfig */ = {isa = PBXFileReference; includeInIndex = 1; lastKnownFileType = text.xcconfig; name = "Pods-WorldWeatherDemo.release.xcconfig"; path = "Pods/Target Support Files/Pods-WorldWeatherDemo/Pods-WorldWeatherDemo.release.xcconfig"; sourceTree = "<group>"; };
		C269AE794428F76BC97F40B7 /* libPods-WorldWeatherDemo.a */ = {isa = PBXFileReference; explicitFileType = archive.ar; includeInIndex = 0; path = "libPods-WorldWeatherDemo.a"; sourceTree = BUILT_PRODUCTS_DIR; };
		D957885822FAA39200BCC0EE /* CountriesListTableViewController.h */ = {isa = PBXFileReference; lastKnownFileType = sourcecode.c.h; name = CountriesListTableViewController.h; path = WorldWeatherDemo/CountriesListTableViewController.h; sourceTree = SOURCE_ROOT; };
		D957885922FAA39200BCC0EE /* CountriesListTableViewController.m */ = {isa = PBXFileReference; lastKnownFileType = sourcecode.c.objc; path = CountriesListTableViewController.m; sourceTree = "<group>"; };
		D957885C22FAAB1700BCC0EE /* CountriesListPresenter.h */ = {isa = PBXFileReference; lastKnownFileType = sourcecode.c.h; path = CountriesListPresenter.h; sourceTree = "<group>"; };
		D957885D22FAAB1700BCC0EE /* CountriesListPresenter.m */ = {isa = PBXFileReference; lastKnownFileType = sourcecode.c.objc; path = CountriesListPresenter.m; sourceTree = "<group>"; };
		D957885F22FAABAE00BCC0EE /* CountriesListUIOutput.h */ = {isa = PBXFileReference; lastKnownFileType = sourcecode.c.h; path = CountriesListUIOutput.h; sourceTree = "<group>"; };
		D957886122FAB0D000BCC0EE /* ModuleAssembler.h */ = {isa = PBXFileReference; lastKnownFileType = sourcecode.c.h; path = ModuleAssembler.h; sourceTree = "<group>"; };
		D995EDA222FAB223003FA6DD /* DefaultAssembler.h */ = {isa = PBXFileReference; lastKnownFileType = sourcecode.c.h; path = DefaultAssembler.h; sourceTree = "<group>"; };
		D995EDA322FAB223003FA6DD /* DefaultAssembler.m */ = {isa = PBXFileReference; lastKnownFileType = sourcecode.c.objc; name = DefaultAssembler.m; path = WorldWeatherDemo/Classes/DefaultAssembler.m; sourceTree = SOURCE_ROOT; };
		D9BD4F7222FA9CA000B280C9 /* WorldWeatherDemo.app */ = {isa = PBXFileReference; explicitFileType = wrapper.application; includeInIndex = 0; path = WorldWeatherDemo.app; sourceTree = BUILT_PRODUCTS_DIR; };
		D9BD4F7522FA9CA000B280C9 /* AppDelegate.h */ = {isa = PBXFileReference; lastKnownFileType = sourcecode.c.h; path = AppDelegate.h; sourceTree = "<group>"; };
		D9BD4F7622FA9CA000B280C9 /* AppDelegate.m */ = {isa = PBXFileReference; lastKnownFileType = sourcecode.c.objc; path = AppDelegate.m; sourceTree = "<group>"; };
		D9BD4F7C22FA9CA000B280C9 /* Base */ = {isa = PBXFileReference; lastKnownFileType = file.storyboard; name = Base; path = Base.lproj/Main.storyboard; sourceTree = "<group>"; };
		D9BD4F7F22FA9CA000B280C9 /* WorldWeatherDemo.xcdatamodel */ = {isa = PBXFileReference; lastKnownFileType = wrapper.xcdatamodel; path = WorldWeatherDemo.xcdatamodel; sourceTree = "<group>"; };
		D9BD4F8122FA9CA300B280C9 /* Assets.xcassets */ = {isa = PBXFileReference; lastKnownFileType = folder.assetcatalog; path = Assets.xcassets; sourceTree = "<group>"; };
		D9BD4F8422FA9CA300B280C9 /* Base */ = {isa = PBXFileReference; lastKnownFileType = file.storyboard; name = Base; path = Base.lproj/LaunchScreen.storyboard; sourceTree = "<group>"; };
		D9BD4F8622FA9CA300B280C9 /* Info.plist */ = {isa = PBXFileReference; lastKnownFileType = text.plist.xml; path = Info.plist; sourceTree = "<group>"; };
		D9BD4F8722FA9CA300B280C9 /* main.m */ = {isa = PBXFileReference; lastKnownFileType = sourcecode.c.objc; path = main.m; sourceTree = "<group>"; };
		D9BD4F8D22FA9CA300B280C9 /* WorldWeatherDemoTests.xctest */ = {isa = PBXFileReference; explicitFileType = wrapper.cfbundle; includeInIndex = 0; path = WorldWeatherDemoTests.xctest; sourceTree = BUILT_PRODUCTS_DIR; };
		D9BD4F9122FA9CA300B280C9 /* WorldWeatherDemoTests.m */ = {isa = PBXFileReference; lastKnownFileType = sourcecode.c.objc; path = WorldWeatherDemoTests.m; sourceTree = "<group>"; };
		D9BD4F9322FA9CA300B280C9 /* Info.plist */ = {isa = PBXFileReference; lastKnownFileType = text.plist.xml; path = Info.plist; sourceTree = "<group>"; };
		D9BD4F9822FA9CA300B280C9 /* WorldWeatherDemoUITests.xctest */ = {isa = PBXFileReference; explicitFileType = wrapper.cfbundle; includeInIndex = 0; path = WorldWeatherDemoUITests.xctest; sourceTree = BUILT_PRODUCTS_DIR; };
		D9BD4F9C22FA9CA300B280C9 /* WorldWeatherDemoUITests.m */ = {isa = PBXFileReference; lastKnownFileType = sourcecode.c.objc; path = WorldWeatherDemoUITests.m; sourceTree = "<group>"; };
		D9BD4F9E22FA9CA300B280C9 /* Info.plist */ = {isa = PBXFileReference; lastKnownFileType = text.plist.xml; path = Info.plist; sourceTree = "<group>"; };
		D9E62CF522FE88A800B65CC6 /* Constants.h */ = {isa = PBXFileReference; lastKnownFileType = sourcecode.c.h; path = Constants.h; sourceTree = "<group>"; };
		D9E62CF822FE8E1100B65CC6 /* WorldWeatherDemo-Prefix.pch */ = {isa = PBXFileReference; lastKnownFileType = sourcecode.c.h; path = "WorldWeatherDemo-Prefix.pch"; sourceTree = "<group>"; };
		D9E62CF922FE900000B65CC6 /* CountriesListAssembler.h */ = {isa = PBXFileReference; lastKnownFileType = sourcecode.c.h; path = CountriesListAssembler.h; sourceTree = "<group>"; };
		D9E62CFA22FE900000B65CC6 /* CountriesListAssembler.m */ = {isa = PBXFileReference; lastKnownFileType = sourcecode.c.objc; path = CountriesListAssembler.m; sourceTree = "<group>"; };
		D9E62CFC22FE956200B65CC6 /* ModuleDelegate.h */ = {isa = PBXFileReference; lastKnownFileType = sourcecode.c.h; path = ModuleDelegate.h; sourceTree = "<group>"; };
		D9E62CFE22FE991700B65CC6 /* DetailedWeatherAssembler.h */ = {isa = PBXFileReference; lastKnownFileType = sourcecode.c.h; path = DetailedWeatherAssembler.h; sourceTree = "<group>"; };
		D9E62CFF22FE991700B65CC6 /* DetailedWeatherAssembler.m */ = {isa = PBXFileReference; lastKnownFileType = sourcecode.c.objc; path = DetailedWeatherAssembler.m; sourceTree = "<group>"; };
		D9E62D0122FE994D00B65CC6 /* ModuleAssemblerFactory.h */ = {isa = PBXFileReference; lastKnownFileType = sourcecode.c.h; path = ModuleAssemblerFactory.h; sourceTree = "<group>"; };
		D9E62D0222FE994D00B65CC6 /* ModuleAssemblerFactory.m */ = {isa = PBXFileReference; lastKnownFileType = sourcecode.c.objc; path = ModuleAssemblerFactory.m; sourceTree = "<group>"; };
		D9E62D0422FE9CC400B65CC6 /* CountriesList.xib */ = {isa = PBXFileReference; lastKnownFileType = file.xib; path = CountriesList.xib; sourceTree = "<group>"; };
		D9E62D0B22FE9F6000B65CC6 /* DefaultRouter.h */ = {isa = PBXFileReference; lastKnownFileType = sourcecode.c.h; path = DefaultRouter.h; sourceTree = "<group>"; };
		D9E62D0C22FE9F6000B65CC6 /* DefaultRouter.m */ = {isa = PBXFileReference; lastKnownFileType = sourcecode.c.objc; path = DefaultRouter.m; sourceTree = "<group>"; };
		D9E9811322FADC5500E46D37 /* DetailedWeatherViewController.h */ = {isa = PBXFileReference; lastKnownFileType = sourcecode.c.h; path = DetailedWeatherViewController.h; sourceTree = "<group>"; };
		D9E9811422FADC5500E46D37 /* DetailedWeatherViewController.m */ = {isa = PBXFileReference; lastKnownFileType = sourcecode.c.objc; path = DetailedWeatherViewController.m; sourceTree = "<group>"; };
		D9E9811522FADC5500E46D37 /* DetailedWeather.xib */ = {isa = PBXFileReference; lastKnownFileType = file.xib; path = DetailedWeather.xib; sourceTree = "<group>"; };
		D9E9811822FADCD600E46D37 /* DetailedWeatherPresenter.h */ = {isa = PBXFileReference; lastKnownFileType = sourcecode.c.h; path = DetailedWeatherPresenter.h; sourceTree = "<group>"; };
		D9E9811922FADCD600E46D37 /* DetailedWeatherPresenter.m */ = {isa = PBXFileReference; lastKnownFileType = sourcecode.c.objc; path = DetailedWeatherPresenter.m; sourceTree = "<group>"; };
		D9E9811B22FADD2900E46D37 /* DetailedWeatherOutput.h */ = {isa = PBXFileReference; lastKnownFileType = sourcecode.c.h; path = DetailedWeatherOutput.h; sourceTree = "<group>"; };
		D9E9811D22FADDDE00E46D37 /* InterfaceOutput.h */ = {isa = PBXFileReference; lastKnownFileType = sourcecode.c.h; path = InterfaceOutput.h; sourceTree = "<group>"; };
		D9E9811F22FAE7ED00E46D37 /* DetailedWeatherDelegate.h */ = {isa = PBXFileReference; lastKnownFileType = sourcecode.c.h; path = DetailedWeatherDelegate.h; sourceTree = "<group>"; };
/* End PBXFileReference section */

/* Begin PBXFrameworksBuildPhase section */
		D9BD4F6F22FA9CA000B280C9 /* Frameworks */ = {
			isa = PBXFrameworksBuildPhase;
			buildActionMask = 2147483647;
			files = (
				CA9BD8AC4055B8F3115FF397 /* libPods-WorldWeatherDemo.a in Frameworks */,
			);
			runOnlyForDeploymentPostprocessing = 0;
		};
		D9BD4F8A22FA9CA300B280C9 /* Frameworks */ = {
			isa = PBXFrameworksBuildPhase;
			buildActionMask = 2147483647;
			files = (
			);
			runOnlyForDeploymentPostprocessing = 0;
		};
		D9BD4F9522FA9CA300B280C9 /* Frameworks */ = {
			isa = PBXFrameworksBuildPhase;
			buildActionMask = 2147483647;
			files = (
			);
			runOnlyForDeploymentPostprocessing = 0;
		};
/* End PBXFrameworksBuildPhase section */

/* Begin PBXGroup section */
		4EA34FB4EEF8C960196151BC /* Frameworks */ = {
			isa = PBXGroup;
			children = (
				C269AE794428F76BC97F40B7 /* libPods-WorldWeatherDemo.a */,
			);
			name = Frameworks;
			sourceTree = "<group>";
		};
		818E272D6ECAD3B61A5AD9CE /* Pods */ = {
			isa = PBXGroup;
			children = (
				6E213CDE254B396592614C92 /* Pods-WorldWeatherDemo.debug.xcconfig */,
				72105640C09B497B0917ABB2 /* Pods-WorldWeatherDemo.release.xcconfig */,
			);
			name = Pods;
			sourceTree = "<group>";
		};
		D9BD4F6922FA9CA000B280C9 = {
			isa = PBXGroup;
			children = (
				D9BD4F7422FA9CA000B280C9 /* WorldWeatherDemo */,
				D9BD4F9022FA9CA300B280C9 /* WorldWeatherDemoTests */,
				D9BD4F9B22FA9CA300B280C9 /* WorldWeatherDemoUITests */,
				D9BD4F7322FA9CA000B280C9 /* Products */,
				818E272D6ECAD3B61A5AD9CE /* Pods */,
				4EA34FB4EEF8C960196151BC /* Frameworks */,
			);
			sourceTree = "<group>";
		};
		D9BD4F7322FA9CA000B280C9 /* Products */ = {
			isa = PBXGroup;
			children = (
				D9BD4F7222FA9CA000B280C9 /* WorldWeatherDemo.app */,
				D9BD4F8D22FA9CA300B280C9 /* WorldWeatherDemoTests.xctest */,
				D9BD4F9822FA9CA300B280C9 /* WorldWeatherDemoUITests.xctest */,
			);
			name = Products;
			sourceTree = "<group>";
		};
		D9BD4F7422FA9CA000B280C9 /* WorldWeatherDemo */ = {
			isa = PBXGroup;
			children = (
				D9E9812722FAEDE500E46D37 /* Classes */,
				D9BD4F8122FA9CA300B280C9 /* Assets.xcassets */,
				D9BD4F8322FA9CA300B280C9 /* LaunchScreen.storyboard */,
				D9BD4F7B22FA9CA000B280C9 /* Main.storyboard */,
				D9BD4F8622FA9CA300B280C9 /* Info.plist */,
				D9BD4F8722FA9CA300B280C9 /* main.m */,
				D9BD4F7E22FA9CA000B280C9 /* WorldWeatherDemo.xcdatamodeld */,
				D9E62CF822FE8E1100B65CC6 /* WorldWeatherDemo-Prefix.pch */,
				D9E62CF522FE88A800B65CC6 /* Constants.h */,
			);
			path = WorldWeatherDemo;
			sourceTree = "<group>";
		};
		D9BD4F9022FA9CA300B280C9 /* WorldWeatherDemoTests */ = {
			isa = PBXGroup;
			children = (
				D9BD4F9122FA9CA300B280C9 /* WorldWeatherDemoTests.m */,
				D9BD4F9322FA9CA300B280C9 /* Info.plist */,
			);
			path = WorldWeatherDemoTests;
			sourceTree = "<group>";
		};
		D9BD4F9B22FA9CA300B280C9 /* WorldWeatherDemoUITests */ = {
			isa = PBXGroup;
			children = (
				D9BD4F9C22FA9CA300B280C9 /* WorldWeatherDemoUITests.m */,
				D9BD4F9E22FA9CA300B280C9 /* Info.plist */,
			);
			path = WorldWeatherDemoUITests;
			sourceTree = "<group>";
		};
		D9E9811122FADBC700E46D37 /* CountriesList */ = {
			isa = PBXGroup;
			children = (
				D9E9812422FAED5300E46D37 /* Interface */,
				D9E9812222FAED5100E46D37 /* Presenter */,
				D9E62CF922FE900000B65CC6 /* CountriesListAssembler.h */,
				D9E62CFA22FE900000B65CC6 /* CountriesListAssembler.m */,
			);
			name = CountriesList;
			path = ..;
			sourceTree = "<group>";
		};
		D9E9811222FADBDF00E46D37 /* DetailedWeather */ = {
			isa = PBXGroup;
			children = (
				D9E9812022FAED3800E46D37 /* Interface */,
				D9E9812122FAED3E00E46D37 /* Presenter */,
				D9E62CFE22FE991700B65CC6 /* DetailedWeatherAssembler.h */,
				D9E62CFF22FE991700B65CC6 /* DetailedWeatherAssembler.m */,
			);
			name = DetailedWeather;
			path = ..;
			sourceTree = "<group>";
		};
		D9E9812022FAED3800E46D37 /* Interface */ = {
			isa = PBXGroup;
			children = (
				D9E9811322FADC5500E46D37 /* DetailedWeatherViewController.h */,
				D9E9811422FADC5500E46D37 /* DetailedWeatherViewController.m */,
				D9E9811522FADC5500E46D37 /* DetailedWeather.xib */,
			);
			name = Interface;
			sourceTree = "<group>";
		};
		D9E9812122FAED3E00E46D37 /* Presenter */ = {
			isa = PBXGroup;
			children = (
				D9E9811B22FADD2900E46D37 /* DetailedWeatherOutput.h */,
				D9E9811822FADCD600E46D37 /* DetailedWeatherPresenter.h */,
				D9E9811922FADCD600E46D37 /* DetailedWeatherPresenter.m */,
				D9E9811F22FAE7ED00E46D37 /* DetailedWeatherDelegate.h */,
			);
			name = Presenter;
			sourceTree = "<group>";
		};
		D9E9812222FAED5100E46D37 /* Presenter */ = {
			isa = PBXGroup;
			children = (
				D957885F22FAABAE00BCC0EE /* CountriesListUIOutput.h */,
				D957885C22FAAB1700BCC0EE /* CountriesListPresenter.h */,
				D957885D22FAAB1700BCC0EE /* CountriesListPresenter.m */,
			);
			name = Presenter;
			sourceTree = "<group>";
		};
		D9E9812422FAED5300E46D37 /* Interface */ = {
			isa = PBXGroup;
			children = (
				D9E62D0422FE9CC400B65CC6 /* CountriesList.xib */,
				D957885822FAA39200BCC0EE /* CountriesListTableViewController.h */,
				D957885922FAA39200BCC0EE /* CountriesListTableViewController.m */,
			);
			name = Interface;
			sourceTree = "<group>";
		};
		D9E9812722FAEDE500E46D37 /* Classes */ = {
			isa = PBXGroup;
			children = (
				D9BD4F7522FA9CA000B280C9 /* AppDelegate.h */,
				D9BD4F7622FA9CA000B280C9 /* AppDelegate.m */,
				D957886122FAB0D000BCC0EE /* ModuleAssembler.h */,
				D995EDA222FAB223003FA6DD /* DefaultAssembler.h */,
				D995EDA322FAB223003FA6DD /* DefaultAssembler.m */,
				D9E62D0122FE994D00B65CC6 /* ModuleAssemblerFactory.h */,
				D9E62D0222FE994D00B65CC6 /* ModuleAssemblerFactory.m */,
				D9E9812822FAEE5400E46D37 /* Modules */,
				D9E62D0B22FE9F6000B65CC6 /* DefaultRouter.h */,
				D9E62D0C22FE9F6000B65CC6 /* DefaultRouter.m */,
			);
			path = Classes;
			sourceTree = "<group>";
		};
		D9E9812822FAEE5400E46D37 /* Modules */ = {
			isa = PBXGroup;
			children = (
				D9E62CFC22FE956200B65CC6 /* ModuleDelegate.h */,
				D9E9811D22FADDDE00E46D37 /* InterfaceOutput.h */,
				D9E9811122FADBC700E46D37 /* CountriesList */,
				D9E9811222FADBDF00E46D37 /* DetailedWeather */,
			);
			name = Modules;
			sourceTree = "<group>";
		};
/* End PBXGroup section */

/* Begin PBXNativeTarget section */
		D9BD4F7122FA9CA000B280C9 /* WorldWeatherDemo */ = {
			isa = PBXNativeTarget;
			buildConfigurationList = D9BD4FA122FA9CA300B280C9 /* Build configuration list for PBXNativeTarget "WorldWeatherDemo" */;
			buildPhases = (
				89623FCC25D83D4FE20995F3 /* [CP] Check Pods Manifest.lock */,
				D9BD4F6E22FA9CA000B280C9 /* Sources */,
				D9BD4F6F22FA9CA000B280C9 /* Frameworks */,
				D9BD4F7022FA9CA000B280C9 /* Resources */,
				837F145EB7ED2FFA38D038D3 /* [CP] Embed Pods Frameworks */,
				6B9F80B97367DCF6E6AD6949 /* [CP] Copy Pods Resources */,
			);
			buildRules = (
			);
			dependencies = (
			);
			name = WorldWeatherDemo;
			productName = WorldWeatherDemo;
			productReference = D9BD4F7222FA9CA000B280C9 /* WorldWeatherDemo.app */;
			productType = "com.apple.product-type.application";
		};
		D9BD4F8C22FA9CA300B280C9 /* WorldWeatherDemoTests */ = {
			isa = PBXNativeTarget;
			buildConfigurationList = D9BD4FA422FA9CA300B280C9 /* Build configuration list for PBXNativeTarget "WorldWeatherDemoTests" */;
			buildPhases = (
				D9BD4F8922FA9CA300B280C9 /* Sources */,
				D9BD4F8A22FA9CA300B280C9 /* Frameworks */,
				D9BD4F8B22FA9CA300B280C9 /* Resources */,
			);
			buildRules = (
			);
			dependencies = (
				D9BD4F8F22FA9CA300B280C9 /* PBXTargetDependency */,
			);
			name = WorldWeatherDemoTests;
			productName = WorldWeatherDemoTests;
			productReference = D9BD4F8D22FA9CA300B280C9 /* WorldWeatherDemoTests.xctest */;
			productType = "com.apple.product-type.bundle.unit-test";
		};
		D9BD4F9722FA9CA300B280C9 /* WorldWeatherDemoUITests */ = {
			isa = PBXNativeTarget;
			buildConfigurationList = D9BD4FA722FA9CA300B280C9 /* Build configuration list for PBXNativeTarget "WorldWeatherDemoUITests" */;
			buildPhases = (
				D9BD4F9422FA9CA300B280C9 /* Sources */,
				D9BD4F9522FA9CA300B280C9 /* Frameworks */,
				D9BD4F9622FA9CA300B280C9 /* Resources */,
			);
			buildRules = (
			);
			dependencies = (
				D9BD4F9A22FA9CA300B280C9 /* PBXTargetDependency */,
			);
			name = WorldWeatherDemoUITests;
			productName = WorldWeatherDemoUITests;
			productReference = D9BD4F9822FA9CA300B280C9 /* WorldWeatherDemoUITests.xctest */;
			productType = "com.apple.product-type.bundle.ui-testing";
		};
/* End PBXNativeTarget section */

/* Begin PBXProject section */
		D9BD4F6A22FA9CA000B280C9 /* Project object */ = {
			isa = PBXProject;
			attributes = {
				LastUpgradeCheck = 1030;
				ORGANIZATIONNAME = svzh;
				TargetAttributes = {
					D9BD4F7122FA9CA000B280C9 = {
						CreatedOnToolsVersion = 10.3;
					};
					D9BD4F8C22FA9CA300B280C9 = {
						CreatedOnToolsVersion = 10.3;
						TestTargetID = D9BD4F7122FA9CA000B280C9;
					};
					D9BD4F9722FA9CA300B280C9 = {
						CreatedOnToolsVersion = 10.3;
						TestTargetID = D9BD4F7122FA9CA000B280C9;
					};
				};
			};
			buildConfigurationList = D9BD4F6D22FA9CA000B280C9 /* Build configuration list for PBXProject "WorldWeatherDemo" */;
			compatibilityVersion = "Xcode 9.3";
			developmentRegion = en;
			hasScannedForEncodings = 0;
			knownRegions = (
				en,
				Base,
			);
			mainGroup = D9BD4F6922FA9CA000B280C9;
			productRefGroup = D9BD4F7322FA9CA000B280C9 /* Products */;
			projectDirPath = "";
			projectRoot = "";
			targets = (
				D9BD4F7122FA9CA000B280C9 /* WorldWeatherDemo */,
				D9BD4F8C22FA9CA300B280C9 /* WorldWeatherDemoTests */,
				D9BD4F9722FA9CA300B280C9 /* WorldWeatherDemoUITests */,
			);
		};
/* End PBXProject section */

/* Begin PBXResourcesBuildPhase section */
		D9BD4F7022FA9CA000B280C9 /* Resources */ = {
			isa = PBXResourcesBuildPhase;
			buildActionMask = 2147483647;
			files = (
				D9BD4F8522FA9CA300B280C9 /* LaunchScreen.storyboard in Resources */,
				D9BD4F8222FA9CA300B280C9 /* Assets.xcassets in Resources */,
				D9BD4F7D22FA9CA000B280C9 /* Main.storyboard in Resources */,
				D9E9811722FADC5500E46D37 /* DetailedWeather.xib in Resources */,
				D9E62D0522FE9CC400B65CC6 /* CountriesList.xib in Resources */,
			);
			runOnlyForDeploymentPostprocessing = 0;
		};
		D9BD4F8B22FA9CA300B280C9 /* Resources */ = {
			isa = PBXResourcesBuildPhase;
			buildActionMask = 2147483647;
			files = (
			);
			runOnlyForDeploymentPostprocessing = 0;
		};
		D9BD4F9622FA9CA300B280C9 /* Resources */ = {
			isa = PBXResourcesBuildPhase;
			buildActionMask = 2147483647;
			files = (
			);
			runOnlyForDeploymentPostprocessing = 0;
		};
/* End PBXResourcesBuildPhase section */

/* Begin PBXShellScriptBuildPhase section */
		6B9F80B97367DCF6E6AD6949 /* [CP] Copy Pods Resources */ = {
			isa = PBXShellScriptBuildPhase;
			buildActionMask = 2147483647;
			files = (
			);
			inputPaths = (
			);
			name = "[CP] Copy Pods Resources";
			outputPaths = (
			);
			runOnlyForDeploymentPostprocessing = 0;
			shellPath = /bin/sh;
			shellScript = "\"${SRCROOT}/Pods/Target Support Files/Pods-WorldWeatherDemo/Pods-WorldWeatherDemo-resources.sh\"\n";
			showEnvVarsInLog = 0;
		};
		837F145EB7ED2FFA38D038D3 /* [CP] Embed Pods Frameworks */ = {
			isa = PBXShellScriptBuildPhase;
			buildActionMask = 2147483647;
			files = (
			);
			inputPaths = (
			);
			name = "[CP] Embed Pods Frameworks";
			outputPaths = (
			);
			runOnlyForDeploymentPostprocessing = 0;
			shellPath = /bin/sh;
			shellScript = "\"${SRCROOT}/Pods/Target Support Files/Pods-WorldWeatherDemo/Pods-WorldWeatherDemo-frameworks.sh\"\n";
			showEnvVarsInLog = 0;
		};
		89623FCC25D83D4FE20995F3 /* [CP] Check Pods Manifest.lock */ = {
			isa = PBXShellScriptBuildPhase;
			buildActionMask = 2147483647;
			files = (
			);
			inputPaths = (
				"${PODS_PODFILE_DIR_PATH}/Podfile.lock",
				"${PODS_ROOT}/Manifest.lock",
			);
			name = "[CP] Check Pods Manifest.lock";
			outputPaths = (
				"$(DERIVED_FILE_DIR)/Pods-WorldWeatherDemo-checkManifestLockResult.txt",
			);
			runOnlyForDeploymentPostprocessing = 0;
			shellPath = /bin/sh;
			shellScript = "diff \"${PODS_PODFILE_DIR_PATH}/Podfile.lock\" \"${PODS_ROOT}/Manifest.lock\" > /dev/null\nif [ $? != 0 ] ; then\n    # print error to STDERR\n    echo \"error: The sandbox is not in sync with the Podfile.lock. Run 'pod install' or update your CocoaPods installation.\" >&2\n    exit 1\nfi\n# This output is used by Xcode 'outputs' to avoid re-running this script phase.\necho \"SUCCESS\" > \"${SCRIPT_OUTPUT_FILE_0}\"\n";
			showEnvVarsInLog = 0;
		};
/* End PBXShellScriptBuildPhase section */

/* Begin PBXSourcesBuildPhase section */
		D9BD4F6E22FA9CA000B280C9 /* Sources */ = {
			isa = PBXSourcesBuildPhase;
			buildActionMask = 2147483647;
			files = (
				D995EDA422FAB223003FA6DD /* DefaultAssembler.m in Sources */,
				D9E9811A22FADCD600E46D37 /* DetailedWeatherPresenter.m in Sources */,
				D9E62CFB22FE900000B65CC6 /* CountriesListAssembler.m in Sources */,
				D9E62D0022FE991700B65CC6 /* DetailedWeatherAssembler.m in Sources */,
				D9E62D0D22FE9F6000B65CC6 /* DefaultRouter.m in Sources */,
				D957885E22FAAB1700BCC0EE /* CountriesListPresenter.m in Sources */,
				D9BD4F8022FA9CA000B280C9 /* WorldWeatherDemo.xcdatamodeld in Sources */,
				D9BD4F8822FA9CA300B280C9 /* main.m in Sources */,
				D9BD4F7722FA9CA000B280C9 /* AppDelegate.m in Sources */,
				D9E9811622FADC5500E46D37 /* DetailedWeatherViewController.m in Sources */,
				D957885A22FAA39200BCC0EE /* CountriesListTableViewController.m in Sources */,
				D9E62D0322FE994D00B65CC6 /* ModuleAssemblerFactory.m in Sources */,
			);
			runOnlyForDeploymentPostprocessing = 0;
		};
		D9BD4F8922FA9CA300B280C9 /* Sources */ = {
			isa = PBXSourcesBuildPhase;
			buildActionMask = 2147483647;
			files = (
				D9BD4F9222FA9CA300B280C9 /* WorldWeatherDemoTests.m in Sources */,
			);
			runOnlyForDeploymentPostprocessing = 0;
		};
		D9BD4F9422FA9CA300B280C9 /* Sources */ = {
			isa = PBXSourcesBuildPhase;
			buildActionMask = 2147483647;
			files = (
				D9BD4F9D22FA9CA300B280C9 /* WorldWeatherDemoUITests.m in Sources */,
			);
			runOnlyForDeploymentPostprocessing = 0;
		};
/* End PBXSourcesBuildPhase section */

/* Begin PBXTargetDependency section */
		D9BD4F8F22FA9CA300B280C9 /* PBXTargetDependency */ = {
			isa = PBXTargetDependency;
			target = D9BD4F7122FA9CA000B280C9 /* WorldWeatherDemo */;
			targetProxy = D9BD4F8E22FA9CA300B280C9 /* PBXContainerItemProxy */;
		};
		D9BD4F9A22FA9CA300B280C9 /* PBXTargetDependency */ = {
			isa = PBXTargetDependency;
			target = D9BD4F7122FA9CA000B280C9 /* WorldWeatherDemo */;
			targetProxy = D9BD4F9922FA9CA300B280C9 /* PBXContainerItemProxy */;
		};
/* End PBXTargetDependency section */

/* Begin PBXVariantGroup section */
		D9BD4F7B22FA9CA000B280C9 /* Main.storyboard */ = {
			isa = PBXVariantGroup;
			children = (
				D9BD4F7C22FA9CA000B280C9 /* Base */,
			);
			name = Main.storyboard;
			sourceTree = "<group>";
		};
		D9BD4F8322FA9CA300B280C9 /* LaunchScreen.storyboard */ = {
			isa = PBXVariantGroup;
			children = (
				D9BD4F8422FA9CA300B280C9 /* Base */,
			);
			name = LaunchScreen.storyboard;
			sourceTree = "<group>";
		};
/* End PBXVariantGroup section */

/* Begin XCBuildConfiguration section */
		D9BD4F9F22FA9CA300B280C9 /* Debug */ = {
			isa = XCBuildConfiguration;
			buildSettings = {
				ALWAYS_SEARCH_USER_PATHS = NO;
				CLANG_ANALYZER_NONNULL = YES;
				CLANG_ANALYZER_NUMBER_OBJECT_CONVERSION = YES_AGGRESSIVE;
				CLANG_CXX_LANGUAGE_STANDARD = "gnu++14";
				CLANG_CXX_LIBRARY = "libc++";
				CLANG_ENABLE_MODULES = YES;
				CLANG_ENABLE_OBJC_ARC = YES;
				CLANG_ENABLE_OBJC_WEAK = YES;
				CLANG_WARN_BLOCK_CAPTURE_AUTORELEASING = YES;
				CLANG_WARN_BOOL_CONVERSION = YES;
				CLANG_WARN_COMMA = YES;
				CLANG_WARN_CONSTANT_CONVERSION = YES;
				CLANG_WARN_DEPRECATED_OBJC_IMPLEMENTATIONS = YES;
				CLANG_WARN_DIRECT_OBJC_ISA_USAGE = YES_ERROR;
				CLANG_WARN_DOCUMENTATION_COMMENTS = YES;
				CLANG_WARN_EMPTY_BODY = YES;
				CLANG_WARN_ENUM_CONVERSION = YES;
				CLANG_WARN_INFINITE_RECURSION = YES;
				CLANG_WARN_INT_CONVERSION = YES;
				CLANG_WARN_NON_LITERAL_NULL_CONVERSION = YES;
				CLANG_WARN_OBJC_IMPLICIT_RETAIN_SELF = YES;
				CLANG_WARN_OBJC_LITERAL_CONVERSION = YES;
				CLANG_WARN_OBJC_ROOT_CLASS = YES_ERROR;
				CLANG_WARN_RANGE_LOOP_ANALYSIS = YES;
				CLANG_WARN_STRICT_PROTOTYPES = YES;
				CLANG_WARN_SUSPICIOUS_MOVE = YES;
				CLANG_WARN_UNGUARDED_AVAILABILITY = YES_AGGRESSIVE;
				CLANG_WARN_UNREACHABLE_CODE = YES;
				CLANG_WARN__DUPLICATE_METHOD_MATCH = YES;
				CODE_SIGN_IDENTITY = "iPhone Developer";
				COPY_PHASE_STRIP = NO;
				DEBUG_INFORMATION_FORMAT = dwarf;
				ENABLE_STRICT_OBJC_MSGSEND = YES;
				ENABLE_TESTABILITY = YES;
				GCC_C_LANGUAGE_STANDARD = gnu11;
				GCC_DYNAMIC_NO_PIC = NO;
				GCC_NO_COMMON_BLOCKS = YES;
				GCC_OPTIMIZATION_LEVEL = 0;
				GCC_PREFIX_HEADER = "$(SRCROOT)/WorldWeatherDemo/WorldWeatherDemo-Prefix.pch";
				GCC_PREPROCESSOR_DEFINITIONS = (
					"DEBUG=1",
					"$(inherited)",
				);
				GCC_WARN_64_TO_32_BIT_CONVERSION = YES;
				GCC_WARN_ABOUT_RETURN_TYPE = YES_ERROR;
				GCC_WARN_UNDECLARED_SELECTOR = YES;
				GCC_WARN_UNINITIALIZED_AUTOS = YES_AGGRESSIVE;
				GCC_WARN_UNUSED_FUNCTION = YES;
				GCC_WARN_UNUSED_VARIABLE = YES;
				IPHONEOS_DEPLOYMENT_TARGET = 12.4;
				MTL_ENABLE_DEBUG_INFO = INCLUDE_SOURCE;
				MTL_FAST_MATH = YES;
				ONLY_ACTIVE_ARCH = YES;
				SDKROOT = iphoneos;
				USER_HEADER_SEARCH_PATHS = "\"$(SRCROOT)/WorldWeatherDemo\"/**";
				USE_HEADERMAP = NO;
			};
			name = Debug;
		};
		D9BD4FA022FA9CA300B280C9 /* Release */ = {
			isa = XCBuildConfiguration;
			buildSettings = {
				ALWAYS_SEARCH_USER_PATHS = NO;
				CLANG_ANALYZER_NONNULL = YES;
				CLANG_ANALYZER_NUMBER_OBJECT_CONVERSION = YES_AGGRESSIVE;
				CLANG_CXX_LANGUAGE_STANDARD = "gnu++14";
				CLANG_CXX_LIBRARY = "libc++";
				CLANG_ENABLE_MODULES = YES;
				CLANG_ENABLE_OBJC_ARC = YES;
				CLANG_ENABLE_OBJC_WEAK = YES;
				CLANG_WARN_BLOCK_CAPTURE_AUTORELEASING = YES;
				CLANG_WARN_BOOL_CONVERSION = YES;
				CLANG_WARN_COMMA = YES;
				CLANG_WARN_CONSTANT_CONVERSION = YES;
				CLANG_WARN_DEPRECATED_OBJC_IMPLEMENTATIONS = YES;
				CLANG_WARN_DIRECT_OBJC_ISA_USAGE = YES_ERROR;
				CLANG_WARN_DOCUMENTATION_COMMENTS = YES;
				CLANG_WARN_EMPTY_BODY = YES;
				CLANG_WARN_ENUM_CONVERSION = YES;
				CLANG_WARN_INFINITE_RECURSION = YES;
				CLANG_WARN_INT_CONVERSION = YES;
				CLANG_WARN_NON_LITERAL_NULL_CONVERSION = YES;
				CLANG_WARN_OBJC_IMPLICIT_RETAIN_SELF = YES;
				CLANG_WARN_OBJC_LITERAL_CONVERSION = YES;
				CLANG_WARN_OBJC_ROOT_CLASS = YES_ERROR;
				CLANG_WARN_RANGE_LOOP_ANALYSIS = YES;
				CLANG_WARN_STRICT_PROTOTYPES = YES;
				CLANG_WARN_SUSPICIOUS_MOVE = YES;
				CLANG_WARN_UNGUARDED_AVAILABILITY = YES_AGGRESSIVE;
				CLANG_WARN_UNREACHABLE_CODE = YES;
				CLANG_WARN__DUPLICATE_METHOD_MATCH = YES;
				CODE_SIGN_IDENTITY = "iPhone Developer";
				COPY_PHASE_STRIP = NO;
				DEBUG_INFORMATION_FORMAT = "dwarf-with-dsym";
				ENABLE_NS_ASSERTIONS = NO;
				ENABLE_STRICT_OBJC_MSGSEND = YES;
				GCC_C_LANGUAGE_STANDARD = gnu11;
				GCC_NO_COMMON_BLOCKS = YES;
				GCC_PREFIX_HEADER = "$(SRCROOT)/WorldWeatherDemo/WorldWeatherDemo-Prefix.pch";
				GCC_WARN_64_TO_32_BIT_CONVERSION = YES;
				GCC_WARN_ABOUT_RETURN_TYPE = YES_ERROR;
				GCC_WARN_UNDECLARED_SELECTOR = YES;
				GCC_WARN_UNINITIALIZED_AUTOS = YES_AGGRESSIVE;
				GCC_WARN_UNUSED_FUNCTION = YES;
				GCC_WARN_UNUSED_VARIABLE = YES;
				IPHONEOS_DEPLOYMENT_TARGET = 12.4;
				MTL_ENABLE_DEBUG_INFO = NO;
				MTL_FAST_MATH = YES;
				SDKROOT = iphoneos;
				USER_HEADER_SEARCH_PATHS = "\"$(SRCROOT)/WorldWeatherDemo\"/**";
				USE_HEADERMAP = NO;
				VALIDATE_PRODUCT = YES;
			};
			name = Release;
		};
		D9BD4FA222FA9CA300B280C9 /* Debug */ = {
			isa = XCBuildConfiguration;
			baseConfigurationReference = 6E213CDE254B396592614C92 /* Pods-WorldWeatherDemo.debug.xcconfig */;
			buildSettings = {
				ASSETCATALOG_COMPILER_APPICON_NAME = AppIcon;
				CODE_SIGN_STYLE = Automatic;
				DEVELOPMENT_TEAM = 597DF497MN;
				INFOPLIST_FILE = WorldWeatherDemo/Info.plist;
				LD_RUNPATH_SEARCH_PATHS = (
					"$(inherited)",
					"@executable_path/Frameworks",
				);
				PRODUCT_BUNDLE_IDENTIFIER = svzh.WorldWeatherDemo;
				PRODUCT_NAME = "$(TARGET_NAME)";
				TARGETED_DEVICE_FAMILY = "1,2";
			};
			name = Debug;
		};
		D9BD4FA322FA9CA300B280C9 /* Release */ = {
			isa = XCBuildConfiguration;
			baseConfigurationReference = 72105640C09B497B0917ABB2 /* Pods-WorldWeatherDemo.release.xcconfig */;
			buildSettings = {
				ASSETCATALOG_COMPILER_APPICON_NAME = AppIcon;
				CODE_SIGN_STYLE = Automatic;
				DEVELOPMENT_TEAM = 597DF497MN;
				INFOPLIST_FILE = WorldWeatherDemo/Info.plist;
				LD_RUNPATH_SEARCH_PATHS = (
					"$(inherited)",
					"@executable_path/Frameworks",
				);
				PRODUCT_BUNDLE_IDENTIFIER = svzh.WorldWeatherDemo;
				PRODUCT_NAME = "$(TARGET_NAME)";
				TARGETED_DEVICE_FAMILY = "1,2";
			};
			name = Release;
		};
		D9BD4FA522FA9CA300B280C9 /* Debug */ = {
			isa = XCBuildConfiguration;
			buildSettings = {
				BUNDLE_LOADER = "$(TEST_HOST)";
				CODE_SIGN_STYLE = Automatic;
				DEVELOPMENT_TEAM = 597DF497MN;
				INFOPLIST_FILE = WorldWeatherDemoTests/Info.plist;
				LD_RUNPATH_SEARCH_PATHS = (
					"$(inherited)",
					"@executable_path/Frameworks",
					"@loader_path/Frameworks",
				);
				PRODUCT_BUNDLE_IDENTIFIER = svzh.WorldWeatherDemoTests;
				PRODUCT_NAME = "$(TARGET_NAME)";
				TARGETED_DEVICE_FAMILY = "1,2";
				TEST_HOST = "$(BUILT_PRODUCTS_DIR)/WorldWeatherDemo.app/WorldWeatherDemo";
			};
			name = Debug;
		};
		D9BD4FA622FA9CA300B280C9 /* Release */ = {
			isa = XCBuildConfiguration;
			buildSettings = {
				BUNDLE_LOADER = "$(TEST_HOST)";
				CODE_SIGN_STYLE = Automatic;
				DEVELOPMENT_TEAM = 597DF497MN;
				INFOPLIST_FILE = WorldWeatherDemoTests/Info.plist;
				LD_RUNPATH_SEARCH_PATHS = (
					"$(inherited)",
					"@executable_path/Frameworks",
					"@loader_path/Frameworks",
				);
				PRODUCT_BUNDLE_IDENTIFIER = svzh.WorldWeatherDemoTests;
				PRODUCT_NAME = "$(TARGET_NAME)";
				TARGETED_DEVICE_FAMILY = "1,2";
				TEST_HOST = "$(BUILT_PRODUCTS_DIR)/WorldWeatherDemo.app/WorldWeatherDemo";
			};
			name = Release;
		};
		D9BD4FA822FA9CA300B280C9 /* Debug */ = {
			isa = XCBuildConfiguration;
			buildSettings = {
				CODE_SIGN_STYLE = Automatic;
				DEVELOPMENT_TEAM = 597DF497MN;
				INFOPLIST_FILE = WorldWeatherDemoUITests/Info.plist;
				LD_RUNPATH_SEARCH_PATHS = (
					"$(inherited)",
					"@executable_path/Frameworks",
					"@loader_path/Frameworks",
				);
				PRODUCT_BUNDLE_IDENTIFIER = svzh.WorldWeatherDemoUITests;
				PRODUCT_NAME = "$(TARGET_NAME)";
				TARGETED_DEVICE_FAMILY = "1,2";
				TEST_TARGET_NAME = WorldWeatherDemo;
			};
			name = Debug;
		};
		D9BD4FA922FA9CA300B280C9 /* Release */ = {
			isa = XCBuildConfiguration;
			buildSettings = {
				CODE_SIGN_STYLE = Automatic;
				DEVELOPMENT_TEAM = 597DF497MN;
				INFOPLIST_FILE = WorldWeatherDemoUITests/Info.plist;
				LD_RUNPATH_SEARCH_PATHS = (
					"$(inherited)",
					"@executable_path/Frameworks",
					"@loader_path/Frameworks",
				);
				PRODUCT_BUNDLE_IDENTIFIER = svzh.WorldWeatherDemoUITests;
				PRODUCT_NAME = "$(TARGET_NAME)";
				TARGETED_DEVICE_FAMILY = "1,2";
				TEST_TARGET_NAME = WorldWeatherDemo;
			};
			name = Release;
		};
/* End XCBuildConfiguration section */

/* Begin XCConfigurationList section */
		D9BD4F6D22FA9CA000B280C9 /* Build configuration list for PBXProject "WorldWeatherDemo" */ = {
			isa = XCConfigurationList;
			buildConfigurations = (
				D9BD4F9F22FA9CA300B280C9 /* Debug */,
				D9BD4FA022FA9CA300B280C9 /* Release */,
			);
			defaultConfigurationIsVisible = 0;
			defaultConfigurationName = Release;
		};
		D9BD4FA122FA9CA300B280C9 /* Build configuration list for PBXNativeTarget "WorldWeatherDemo" */ = {
			isa = XCConfigurationList;
			buildConfigurations = (
				D9BD4FA222FA9CA300B280C9 /* Debug */,
				D9BD4FA322FA9CA300B280C9 /* Release */,
			);
			defaultConfigurationIsVisible = 0;
			defaultConfigurationName = Release;
		};
		D9BD4FA422FA9CA300B280C9 /* Build configuration list for PBXNativeTarget "WorldWeatherDemoTests" */ = {
			isa = XCConfigurationList;
			buildConfigurations = (
				D9BD4FA522FA9CA300B280C9 /* Debug */,
				D9BD4FA622FA9CA300B280C9 /* Release */,
			);
			defaultConfigurationIsVisible = 0;
			defaultConfigurationName = Release;
		};
		D9BD4FA722FA9CA300B280C9 /* Build configuration list for PBXNativeTarget "WorldWeatherDemoUITests" */ = {
			isa = XCConfigurationList;
			buildConfigurations = (
				D9BD4FA822FA9CA300B280C9 /* Debug */,
				D9BD4FA922FA9CA300B280C9 /* Release */,
			);
			defaultConfigurationIsVisible = 0;
			defaultConfigurationName = Release;
		};
/* End XCConfigurationList section */

/* Begin XCVersionGroup section */
		D9BD4F7E22FA9CA000B280C9 /* WorldWeatherDemo.xcdatamodeld */ = {
			isa = XCVersionGroup;
			children = (
				D9BD4F7F22FA9CA000B280C9 /* WorldWeatherDemo.xcdatamodel */,
			);
			currentVersion = D9BD4F7F22FA9CA000B280C9 /* WorldWeatherDemo.xcdatamodel */;
			path = WorldWeatherDemo.xcdatamodeld;
			sourceTree = "<group>";
			versionGroupType = wrapper.xcdatamodel;
		};
/* End XCVersionGroup section */
	};
	rootObject = D9BD4F6A22FA9CA000B280C9 /* Project object */;
}
