// !$*UTF8*$!
{
	archiveVersion = 1;
	classes = {
	};
	objectVersion = 50;
	objects = {

/* Begin PBXBuildFile section */
		117DEF13C1E68C497F857038 /* libPods-WorldWeatherDemoTests.a in Frameworks */ = {isa = PBXBuildFile; fileRef = 5175AD75A7DCB7DEC55B8EB1 /* libPods-WorldWeatherDemoTests.a */; };
		CA9BD8AC4055B8F3115FF397 /* libPods-WorldWeatherDemo.a in Frameworks */ = {isa = PBXBuildFile; fileRef = C269AE794428F76BC97F40B7 /* libPods-WorldWeatherDemo.a */; };
		D995EDA422FAB223003FA6DD /* AbstractAssembler.m in Sources */ = {isa = PBXBuildFile; fileRef = D995EDA322FAB223003FA6DD /* AbstractAssembler.m */; };
		D9BD45A322FEA7E500B2414B /* DetailedWeatherPresenter.m in Sources */ = {isa = PBXBuildFile; fileRef = D9BD45A222FEA7E500B2414B /* DetailedWeatherPresenter.m */; };
		D9BD45A522FEA80E00B2414B /* CountriesListAssembler.m in Sources */ = {isa = PBXBuildFile; fileRef = D9BD45A422FEA80E00B2414B /* CountriesListAssembler.m */; };
		D9BD45A722FEA85100B2414B /* DetailedWeatherAssembler.m in Sources */ = {isa = PBXBuildFile; fileRef = D9BD45A622FEA85100B2414B /* DetailedWeatherAssembler.m */; };
		D9BD45A922FEA86000B2414B /* CountriesListPresenter.m in Sources */ = {isa = PBXBuildFile; fileRef = D9BD45A822FEA86000B2414B /* CountriesListPresenter.m */; };
		D9BD45AB22FEA88000B2414B /* DetailedWeatherViewController.m in Sources */ = {isa = PBXBuildFile; fileRef = D9BD45AA22FEA88000B2414B /* DetailedWeatherViewController.m */; };
		D9BD45AD22FEA88E00B2414B /* CountriesListTableViewController.m in Sources */ = {isa = PBXBuildFile; fileRef = D9BD45AC22FEA88E00B2414B /* CountriesListTableViewController.m */; };
		D9BD4F7722FA9CA000B280C9 /* AppDelegate.m in Sources */ = {isa = PBXBuildFile; fileRef = D9BD4F7622FA9CA000B280C9 /* AppDelegate.m */; };
		D9BD4F7D22FA9CA000B280C9 /* Main.storyboard in Resources */ = {isa = PBXBuildFile; fileRef = D9BD4F7B22FA9CA000B280C9 /* Main.storyboard */; };
		D9BD4F8022FA9CA000B280C9 /* WorldWeatherDemo.xcdatamodeld in Sources */ = {isa = PBXBuildFile; fileRef = D9BD4F7E22FA9CA000B280C9 /* WorldWeatherDemo.xcdatamodeld */; };
		D9BD4F8222FA9CA300B280C9 /* Assets.xcassets in Resources */ = {isa = PBXBuildFile; fileRef = D9BD4F8122FA9CA300B280C9 /* Assets.xcassets */; };
		D9BD4F8522FA9CA300B280C9 /* LaunchScreen.storyboard in Resources */ = {isa = PBXBuildFile; fileRef = D9BD4F8322FA9CA300B280C9 /* LaunchScreen.storyboard */; };
		D9BD4F8822FA9CA300B280C9 /* main.m in Sources */ = {isa = PBXBuildFile; fileRef = D9BD4F8722FA9CA300B280C9 /* main.m */; };
		D9C69E0F22FF1AD000AA3DE5 /* CountriesListCell.xib in Resources */ = {isa = PBXBuildFile; fileRef = D9C69E0E22FF1AD000AA3DE5 /* CountriesListCell.xib */; };
		D9C69E1222FF2A4E00AA3DE5 /* CountriesListTableViewCell.m in Sources */ = {isa = PBXBuildFile; fileRef = D9C69E1122FF2A4E00AA3DE5 /* CountriesListTableViewCell.m */; };
		D9C69E1723004C4B00AA3DE5 /* CountriesList.storyboard in Resources */ = {isa = PBXBuildFile; fileRef = D9C69E1623004C4B00AA3DE5 /* CountriesList.storyboard */; };
		D9C69E1B23040E7600AA3DE5 /* CountriesListPresenterTests.m in Sources */ = {isa = PBXBuildFile; fileRef = D9C69E1A23040E7600AA3DE5 /* CountriesListPresenterTests.m */; };
		D9E62D0322FE994D00B65CC6 /* ModuleAssemblerFactory.m in Sources */ = {isa = PBXBuildFile; fileRef = D9E62D0222FE994D00B65CC6 /* ModuleAssemblerFactory.m */; };
		D9E62D0D22FE9F6000B65CC6 /* BaseRouter.m in Sources */ = {isa = PBXBuildFile; fileRef = D9E62D0C22FE9F6000B65CC6 /* BaseRouter.m */; };
		D9F0153522FEAA7E000D1F2B /* DetailedWeatherViewController.xib in Resources */ = {isa = PBXBuildFile; fileRef = D9F0153122FEAA7D000D1F2B /* DetailedWeatherViewController.xib */; };
/* End PBXBuildFile section */

/* Begin PBXContainerItemProxy section */
		D9BD4F8E22FA9CA300B280C9 /* PBXContainerItemProxy */ = {
			isa = PBXContainerItemProxy;
			containerPortal = D9BD4F6A22FA9CA000B280C9 /* Project object */;
			proxyType = 1;
			remoteGlobalIDString = D9BD4F7122FA9CA000B280C9;
			remoteInfo = WorldWeatherDemo;
		};
/* End PBXContainerItemProxy section */

/* Begin PBXFileReference section */
		5175AD75A7DCB7DEC55B8EB1 /* libPods-WorldWeatherDemoTests.a */ = {isa = PBXFileReference; explicitFileType = archive.ar; includeInIndex = 0; path = "libPods-WorldWeatherDemoTests.a"; sourceTree = BUILT_PRODUCTS_DIR; };
		59D17372BC70FD335BF5AA61 /* Pods-WorldWeatherDemoTests.release.xcconfig */ = {isa = PBXFileReference; includeInIndex = 1; lastKnownFileType = text.xcconfig; name = "Pods-WorldWeatherDemoTests.release.xcconfig"; path = "Pods/Target Support Files/Pods-WorldWeatherDemoTests/Pods-WorldWeatherDemoTests.release.xcconfig"; sourceTree = "<group>"; };
		6E213CDE254B396592614C92 /* Pods-WorldWeatherDemo.debug.xcconfig */ = {isa = PBXFileReference; includeInIndex = 1; lastKnownFileType = text.xcconfig; name = "Pods-WorldWeatherDemo.debug.xcconfig"; path = "Pods/Target Support Files/Pods-WorldWeatherDemo/Pods-WorldWeatherDemo.debug.xcconfig"; sourceTree = "<group>"; };
		72105640C09B497B0917ABB2 /* Pods-WorldWeatherDemo.release.xcconfig */ = {isa = PBXFileReference; includeInIndex = 1; lastKnownFileType = text.xcconfig; name = "Pods-WorldWeatherDemo.release.xcconfig"; path = "Pods/Target Support Files/Pods-WorldWeatherDemo/Pods-WorldWeatherDemo.release.xcconfig"; sourceTree = "<group>"; };
		C057E3BE19062571856AA23A /* Pods-WorldWeatherDemoTests.debug.xcconfig */ = {isa = PBXFileReference; includeInIndex = 1; lastKnownFileType = text.xcconfig; name = "Pods-WorldWeatherDemoTests.debug.xcconfig"; path = "Pods/Target Support Files/Pods-WorldWeatherDemoTests/Pods-WorldWeatherDemoTests.debug.xcconfig"; sourceTree = "<group>"; };
		C269AE794428F76BC97F40B7 /* libPods-WorldWeatherDemo.a */ = {isa = PBXFileReference; explicitFileType = archive.ar; includeInIndex = 0; path = "libPods-WorldWeatherDemo.a"; sourceTree = BUILT_PRODUCTS_DIR; };
		D957886122FAB0D000BCC0EE /* ModuleAssembler.h */ = {isa = PBXFileReference; lastKnownFileType = sourcecode.c.h; path = ModuleAssembler.h; sourceTree = "<group>"; };
		D995EDA222FAB223003FA6DD /* AbstractAssembler.h */ = {isa = PBXFileReference; lastKnownFileType = sourcecode.c.h; path = AbstractAssembler.h; sourceTree = "<group>"; };
		D995EDA322FAB223003FA6DD /* AbstractAssembler.m */ = {isa = PBXFileReference; lastKnownFileType = sourcecode.c.objc; name = AbstractAssembler.m; path = WorldWeatherDemo/Classes/AbstractAssembler.m; sourceTree = SOURCE_ROOT; };
		D9BD45A222FEA7E500B2414B /* DetailedWeatherPresenter.m */ = {isa = PBXFileReference; lastKnownFileType = sourcecode.c.objc; path = DetailedWeatherPresenter.m; sourceTree = "<group>"; };
		D9BD45A422FEA80E00B2414B /* CountriesListAssembler.m */ = {isa = PBXFileReference; lastKnownFileType = sourcecode.c.objc; path = CountriesListAssembler.m; sourceTree = "<group>"; };
		D9BD45A622FEA85100B2414B /* DetailedWeatherAssembler.m */ = {isa = PBXFileReference; lastKnownFileType = sourcecode.c.objc; path = DetailedWeatherAssembler.m; sourceTree = "<group>"; };
		D9BD45A822FEA86000B2414B /* CountriesListPresenter.m */ = {isa = PBXFileReference; lastKnownFileType = sourcecode.c.objc; path = CountriesListPresenter.m; sourceTree = "<group>"; };
		D9BD45AA22FEA88000B2414B /* DetailedWeatherViewController.m */ = {isa = PBXFileReference; lastKnownFileType = sourcecode.c.objc; path = DetailedWeatherViewController.m; sourceTree = "<group>"; };
		D9BD45AC22FEA88E00B2414B /* CountriesListTableViewController.m */ = {isa = PBXFileReference; lastKnownFileType = sourcecode.c.objc; path = CountriesListTableViewController.m; sourceTree = "<group>"; };
		D9BD4F7222FA9CA000B280C9 /* WorldWeatherDemo.app */ = {isa = PBXFileReference; explicitFileType = wrapper.application; includeInIndex = 0; path = WorldWeatherDemo.app; sourceTree = BUILT_PRODUCTS_DIR; };
		D9BD4F7522FA9CA000B280C9 /* AppDelegate.h */ = {isa = PBXFileReference; lastKnownFileType = sourcecode.c.h; path = AppDelegate.h; sourceTree = "<group>"; };
		D9BD4F7622FA9CA000B280C9 /* AppDelegate.m */ = {isa = PBXFileReference; lastKnownFileType = sourcecode.c.objc; path = AppDelegate.m; sourceTree = "<group>"; };
		D9BD4F7C22FA9CA000B280C9 /* Base */ = {isa = PBXFileReference; lastKnownFileType = file.storyboard; name = Base; path = Base.lproj/Main.storyboard; sourceTree = "<group>"; };
		D9BD4F7F22FA9CA000B280C9 /* WorldWeatherDemo.xcdatamodel */ = {isa = PBXFileReference; lastKnownFileType = wrapper.xcdatamodel; path = WorldWeatherDemo.xcdatamodel; sourceTree = "<group>"; };
		D9BD4F8122FA9CA300B280C9 /* Assets.xcassets */ = {isa = PBXFileReference; lastKnownFileType = folder.assetcatalog; path = Assets.xcassets; sourceTree = "<group>"; };
		D9BD4F8422FA9CA300B280C9 /* Base */ = {isa = PBXFileReference; lastKnownFileType = file.storyboard; name = Base; path = Base.lproj/LaunchScreen.storyboard; sourceTree = "<group>"; };
		D9BD4F8622FA9CA300B280C9 /* Info.plist */ = {isa = PBXFileReference; lastKnownFileType = text.plist.xml; path = Info.plist; sourceTree = "<group>"; };
		D9BD4F8722FA9CA300B280C9 /* main.m */ = {isa = PBXFileReference; lastKnownFileType = sourcecode.c.objc; path = main.m; sourceTree = "<group>"; };
		D9BD4F8D22FA9CA300B280C9 /* WorldWeatherDemoTests.xctest */ = {isa = PBXFileReference; explicitFileType = wrapper.cfbundle; includeInIndex = 0; path = WorldWeatherDemoTests.xctest; sourceTree = BUILT_PRODUCTS_DIR; };
		D9BD4F9322FA9CA300B280C9 /* Info.plist */ = {isa = PBXFileReference; lastKnownFileType = text.plist.xml; path = Info.plist; sourceTree = "<group>"; };
		D9C69E0E22FF1AD000AA3DE5 /* CountriesListCell.xib */ = {isa = PBXFileReference; lastKnownFileType = file.xib; path = CountriesListCell.xib; sourceTree = "<group>"; };
		D9C69E1022FF2A4E00AA3DE5 /* CountriesListTableViewCell.h */ = {isa = PBXFileReference; lastKnownFileType = sourcecode.c.h; path = CountriesListTableViewCell.h; sourceTree = "<group>"; };
		D9C69E1122FF2A4E00AA3DE5 /* CountriesListTableViewCell.m */ = {isa = PBXFileReference; lastKnownFileType = sourcecode.c.objc; path = CountriesListTableViewCell.m; sourceTree = "<group>"; };
		D9C69E1623004C4B00AA3DE5 /* CountriesList.storyboard */ = {isa = PBXFileReference; lastKnownFileType = file.storyboard; path = CountriesList.storyboard; sourceTree = "<group>"; };
		D9C69E1A23040E7600AA3DE5 /* CountriesListPresenterTests.m */ = {isa = PBXFileReference; lastKnownFileType = sourcecode.c.objc; path = CountriesListPresenterTests.m; sourceTree = "<group>"; };
		D9C69E1C2306FAC300AA3DE5 /* libOCMock.a */ = {isa = PBXFileReference; lastKnownFileType = archive.ar; path = libOCMock.a; sourceTree = "<group>"; };
		D9C69E1E2306FBD800AA3DE5 /* libOCMock.a */ = {isa = PBXFileReference; lastKnownFileType = archive.ar; name = libOCMock.a; path = usr/include/libOCMock.a; sourceTree = "<group>"; };
		D9E62CF522FE88A800B65CC6 /* Constants.h */ = {isa = PBXFileReference; lastKnownFileType = sourcecode.c.h; path = Constants.h; sourceTree = "<group>"; };
		D9E62CF822FE8E1100B65CC6 /* WorldWeatherDemo-Prefix.pch */ = {isa = PBXFileReference; lastKnownFileType = sourcecode.c.h; path = "WorldWeatherDemo-Prefix.pch"; sourceTree = "<group>"; };
		D9E62CFC22FE956200B65CC6 /* ModuleDelegate.h */ = {isa = PBXFileReference; lastKnownFileType = sourcecode.c.h; path = ModuleDelegate.h; sourceTree = "<group>"; };
		D9E62D0122FE994D00B65CC6 /* ModuleAssemblerFactory.h */ = {isa = PBXFileReference; lastKnownFileType = sourcecode.c.h; path = ModuleAssemblerFactory.h; sourceTree = "<group>"; };
		D9E62D0222FE994D00B65CC6 /* ModuleAssemblerFactory.m */ = {isa = PBXFileReference; lastKnownFileType = sourcecode.c.objc; path = ModuleAssemblerFactory.m; sourceTree = "<group>"; };
		D9E62D0B22FE9F6000B65CC6 /* BaseRouter.h */ = {isa = PBXFileReference; lastKnownFileType = sourcecode.c.h; path = BaseRouter.h; sourceTree = "<group>"; };
		D9E62D0C22FE9F6000B65CC6 /* BaseRouter.m */ = {isa = PBXFileReference; lastKnownFileType = sourcecode.c.objc; path = BaseRouter.m; sourceTree = "<group>"; };
		D9E9811D22FADDDE00E46D37 /* InterfaceOutput.h */ = {isa = PBXFileReference; lastKnownFileType = sourcecode.c.h; path = InterfaceOutput.h; sourceTree = "<group>"; };
		D9F0152922FEAA42000D1F2B /* CountriesListPresenter.h */ = {isa = PBXFileReference; fileEncoding = 4; lastKnownFileType = sourcecode.c.h; path = CountriesListPresenter.h; sourceTree = "<group>"; };
		D9F0152A22FEAA42000D1F2B /* CountriesListUIOutput.h */ = {isa = PBXFileReference; fileEncoding = 4; lastKnownFileType = sourcecode.c.h; path = CountriesListUIOutput.h; sourceTree = "<group>"; };
		D9F0152C22FEAA42000D1F2B /* CountriesListAssembler.h */ = {isa = PBXFileReference; fileEncoding = 4; lastKnownFileType = sourcecode.c.h; path = CountriesListAssembler.h; sourceTree = "<group>"; };
		D9F0152D22FEAA42000D1F2B /* CountriesListTableViewController.h */ = {isa = PBXFileReference; fileEncoding = 4; lastKnownFileType = sourcecode.c.h; path = CountriesListTableViewController.h; sourceTree = "<group>"; };
		D9F0152F22FEAA7D000D1F2B /* DetailedWeatherDelegate.h */ = {isa = PBXFileReference; fileEncoding = 4; lastKnownFileType = sourcecode.c.h; path = DetailedWeatherDelegate.h; sourceTree = "<group>"; };
		D9F0153022FEAA7D000D1F2B /* DetailedWeatherAssembler.h */ = {isa = PBXFileReference; fileEncoding = 4; lastKnownFileType = sourcecode.c.h; path = DetailedWeatherAssembler.h; sourceTree = "<group>"; };
		D9F0153122FEAA7D000D1F2B /* DetailedWeatherViewController.xib */ = {isa = PBXFileReference; fileEncoding = 4; lastKnownFileType = file.xib; path = DetailedWeatherViewController.xib; sourceTree = "<group>"; };
		D9F0153222FEAA7E000D1F2B /* DetailedWeatherOutput.h */ = {isa = PBXFileReference; fileEncoding = 4; lastKnownFileType = sourcecode.c.h; path = DetailedWeatherOutput.h; sourceTree = "<group>"; };
		D9F0153322FEAA7E000D1F2B /* DetailedWeatherViewController.h */ = {isa = PBXFileReference; fileEncoding = 4; lastKnownFileType = sourcecode.c.h; path = DetailedWeatherViewController.h; sourceTree = "<group>"; };
		D9F0153422FEAA7E000D1F2B /* DetailedWeatherPresenter.h */ = {isa = PBXFileReference; fileEncoding = 4; lastKnownFileType = sourcecode.c.h; path = DetailedWeatherPresenter.h; sourceTree = "<group>"; };
/* End PBXFileReference section */

/* Begin PBXFrameworksBuildPhase section */
		D9BD4F6F22FA9CA000B280C9 /* Frameworks */ = {
			isa = PBXFrameworksBuildPhase;
			buildActionMask = 2147483647;
			files = (
				CA9BD8AC4055B8F3115FF397 /* libPods-WorldWeatherDemo.a in Frameworks */,
			);
			runOnlyForDeploymentPostprocessing = 0;
		};
		D9BD4F8A22FA9CA300B280C9 /* Frameworks */ = {
			isa = PBXFrameworksBuildPhase;
			buildActionMask = 2147483647;
			files = (
				117DEF13C1E68C497F857038 /* libPods-WorldWeatherDemoTests.a in Frameworks */,
			);
			runOnlyForDeploymentPostprocessing = 0;
		};
/* End PBXFrameworksBuildPhase section */

/* Begin PBXGroup section */
		4EA34FB4EEF8C960196151BC /* Frameworks */ = {
			isa = PBXGroup;
			children = (
				D9C69E1C2306FAC300AA3DE5 /* libOCMock.a */,
				D9C69E1E2306FBD800AA3DE5 /* libOCMock.a */,
				C269AE794428F76BC97F40B7 /* libPods-WorldWeatherDemo.a */,
				5175AD75A7DCB7DEC55B8EB1 /* libPods-WorldWeatherDemoTests.a */,
			);
			name = Frameworks;
			sourceTree = "<group>";
		};
		818E272D6ECAD3B61A5AD9CE /* Pods */ = {
			isa = PBXGroup;
			children = (
				6E213CDE254B396592614C92 /* Pods-WorldWeatherDemo.debug.xcconfig */,
				72105640C09B497B0917ABB2 /* Pods-WorldWeatherDemo.release.xcconfig */,
				C057E3BE19062571856AA23A /* Pods-WorldWeatherDemoTests.debug.xcconfig */,
				59D17372BC70FD335BF5AA61 /* Pods-WorldWeatherDemoTests.release.xcconfig */,
			);
			name = Pods;
			sourceTree = "<group>";
		};
		D94C428C23088D7A00572EFD /* Interface */ = {
			isa = PBXGroup;
			children = (
				D9E9811D22FADDDE00E46D37 /* InterfaceOutput.h */,
			);
			name = Interface;
			sourceTree = "<group>";
		};
		D94C428D23088D9300572EFD /* ModuleDelegate */ = {
			isa = PBXGroup;
			children = (
				D9E62CFC22FE956200B65CC6 /* ModuleDelegate.h */,
			);
			name = ModuleDelegate;
			sourceTree = "<group>";
		};
		D9BD4F6922FA9CA000B280C9 = {
			isa = PBXGroup;
			children = (
				D9BD4F7422FA9CA000B280C9 /* WorldWeatherDemo */,
				D9BD4F9022FA9CA300B280C9 /* WorldWeatherDemoTests */,
				D9BD4F7322FA9CA000B280C9 /* Products */,
				818E272D6ECAD3B61A5AD9CE /* Pods */,
				4EA34FB4EEF8C960196151BC /* Frameworks */,
			);
			sourceTree = "<group>";
		};
		D9BD4F7322FA9CA000B280C9 /* Products */ = {
			isa = PBXGroup;
			children = (
				D9BD4F7222FA9CA000B280C9 /* WorldWeatherDemo.app */,
				D9BD4F8D22FA9CA300B280C9 /* WorldWeatherDemoTests.xctest */,
			);
			name = Products;
			sourceTree = "<group>";
		};
		D9BD4F7422FA9CA000B280C9 /* WorldWeatherDemo */ = {
			isa = PBXGroup;
			children = (
				D9E9812722FAEDE500E46D37 /* Classes */,
				D9BD4F8122FA9CA300B280C9 /* Assets.xcassets */,
				D9BD4F8322FA9CA300B280C9 /* LaunchScreen.storyboard */,
				D9BD4F7B22FA9CA000B280C9 /* Main.storyboard */,
				D9BD4F8622FA9CA300B280C9 /* Info.plist */,
				D9BD4F8722FA9CA300B280C9 /* main.m */,
				D9BD4F7E22FA9CA000B280C9 /* WorldWeatherDemo.xcdatamodeld */,
				D9E62CF822FE8E1100B65CC6 /* WorldWeatherDemo-Prefix.pch */,
				D9E62CF522FE88A800B65CC6 /* Constants.h */,
			);
			path = WorldWeatherDemo;
			sourceTree = "<group>";
		};
		D9BD4F9022FA9CA300B280C9 /* WorldWeatherDemoTests */ = {
			isa = PBXGroup;
			children = (
				D9C69E1A23040E7600AA3DE5 /* CountriesListPresenterTests.m */,
				D9BD4F9322FA9CA300B280C9 /* Info.plist */,
			);
			path = WorldWeatherDemoTests;
			sourceTree = "<group>";
		};
		D9C69E0122FEC75200AA3DE5 /* CountriesList */ = {
			isa = PBXGroup;
			children = (
				D9C69E0C22FEC8C600AA3DE5 /* Assembler */,
				D9C69E0B22FEC8C100AA3DE5 /* Presenter */,
				D9C69E0A22FEC8BD00AA3DE5 /* Interface */,
			);
			name = CountriesList;
			sourceTree = "<group>";
		};
		D9C69E0222FEC77600AA3DE5 /* BaseClasses */ = {
			isa = PBXGroup;
			children = (
				D94C428D23088D9300572EFD /* ModuleDelegate */,
				D94C428C23088D7A00572EFD /* Interface */,
				D9C69E0522FEC7E500AA3DE5 /* Assembler */,
				D9C69E0422FEC7E100AA3DE5 /* Router */,
			);
			name = BaseClasses;
			sourceTree = "<group>";
		};
		D9C69E0322FEC7A700AA3DE5 /* Modules */ = {
			isa = PBXGroup;
			children = (
				D9F0153622FEAAC8000D1F2B /* DetailedWeather */,
				D9C69E0122FEC75200AA3DE5 /* CountriesList */,
			);
			name = Modules;
			sourceTree = "<group>";
		};
		D9C69E0422FEC7E100AA3DE5 /* Router */ = {
			isa = PBXGroup;
			children = (
				D9E62D0B22FE9F6000B65CC6 /* BaseRouter.h */,
				D9E62D0C22FE9F6000B65CC6 /* BaseRouter.m */,
			);
			name = Router;
			sourceTree = "<group>";
		};
		D9C69E0522FEC7E500AA3DE5 /* Assembler */ = {
			isa = PBXGroup;
			children = (
				D995EDA222FAB223003FA6DD /* AbstractAssembler.h */,
				D995EDA322FAB223003FA6DD /* AbstractAssembler.m */,
				D957886122FAB0D000BCC0EE /* ModuleAssembler.h */,
				D9E62D0122FE994D00B65CC6 /* ModuleAssemblerFactory.h */,
				D9E62D0222FE994D00B65CC6 /* ModuleAssemblerFactory.m */,
			);
			name = Assembler;
			sourceTree = "<group>";
		};
		D9C69E0722FEC86F00AA3DE5 /* Interface */ = {
			isa = PBXGroup;
			children = (
				D9F0153122FEAA7D000D1F2B /* DetailedWeatherViewController.xib */,
				D9F0153222FEAA7E000D1F2B /* DetailedWeatherOutput.h */,
				D9F0153322FEAA7E000D1F2B /* DetailedWeatherViewController.h */,
				D9BD45AA22FEA88000B2414B /* DetailedWeatherViewController.m */,
			);
			name = Interface;
			sourceTree = "<group>";
		};
		D9C69E0822FEC87300AA3DE5 /* Presenter */ = {
			isa = PBXGroup;
			children = (
				D9F0152F22FEAA7D000D1F2B /* DetailedWeatherDelegate.h */,
				D9F0153422FEAA7E000D1F2B /* DetailedWeatherPresenter.h */,
				D9BD45A222FEA7E500B2414B /* DetailedWeatherPresenter.m */,
			);
			name = Presenter;
			sourceTree = "<group>";
		};
		D9C69E0922FEC8A800AA3DE5 /* Assembler */ = {
			isa = PBXGroup;
			children = (
				D9F0153022FEAA7D000D1F2B /* DetailedWeatherAssembler.h */,
				D9BD45A622FEA85100B2414B /* DetailedWeatherAssembler.m */,
			);
			name = Assembler;
			sourceTree = "<group>";
		};
		D9C69E0A22FEC8BD00AA3DE5 /* Interface */ = {
			isa = PBXGroup;
			children = (
				D9F0152A22FEAA42000D1F2B /* CountriesListUIOutput.h */,
				D9F0152D22FEAA42000D1F2B /* CountriesListTableViewController.h */,
				D9BD45AC22FEA88E00B2414B /* CountriesListTableViewController.m */,
				D9C69E0E22FF1AD000AA3DE5 /* CountriesListCell.xib */,
				D9C69E1022FF2A4E00AA3DE5 /* CountriesListTableViewCell.h */,
				D9C69E1122FF2A4E00AA3DE5 /* CountriesListTableViewCell.m */,
				D9C69E1623004C4B00AA3DE5 /* CountriesList.storyboard */,
			);
			name = Interface;
			sourceTree = "<group>";
		};
		D9C69E0B22FEC8C100AA3DE5 /* Presenter */ = {
			isa = PBXGroup;
			children = (
				D9F0152922FEAA42000D1F2B /* CountriesListPresenter.h */,
				D9BD45A822FEA86000B2414B /* CountriesListPresenter.m */,
			);
			name = Presenter;
			sourceTree = "<group>";
		};
		D9C69E0C22FEC8C600AA3DE5 /* Assembler */ = {
			isa = PBXGroup;
			children = (
				D9F0152C22FEAA42000D1F2B /* CountriesListAssembler.h */,
				D9BD45A422FEA80E00B2414B /* CountriesListAssembler.m */,
			);
			name = Assembler;
			sourceTree = "<group>";
		};
		D9E9812722FAEDE500E46D37 /* Classes */ = {
			isa = PBXGroup;
			children = (
				D9BD4F7522FA9CA000B280C9 /* AppDelegate.h */,
				D9BD4F7622FA9CA000B280C9 /* AppDelegate.m */,
				D9C69E0222FEC77600AA3DE5 /* BaseClasses */,
				D9C69E0322FEC7A700AA3DE5 /* Modules */,
			);
			path = Classes;
			sourceTree = "<group>";
		};
		D9F0153622FEAAC8000D1F2B /* DetailedWeather */ = {
			isa = PBXGroup;
			children = (
				D9C69E0922FEC8A800AA3DE5 /* Assembler */,
				D9C69E0822FEC87300AA3DE5 /* Presenter */,
				D9C69E0722FEC86F00AA3DE5 /* Interface */,
			);
			name = DetailedWeather;
			sourceTree = "<group>";
		};
/* End PBXGroup section */

/* Begin PBXNativeTarget section */
		D9BD4F7122FA9CA000B280C9 /* WorldWeatherDemo */ = {
			isa = PBXNativeTarget;
			buildConfigurationList = D9BD4FA122FA9CA300B280C9 /* Build configuration list for PBXNativeTarget "WorldWeatherDemo" */;
			buildPhases = (
				89623FCC25D83D4FE20995F3 /* [CP] Check Pods Manifest.lock */,
				D9BD4F6E22FA9CA000B280C9 /* Sources */,
				D9BD4F6F22FA9CA000B280C9 /* Frameworks */,
				D9BD4F7022FA9CA000B280C9 /* Resources */,
				837F145EB7ED2FFA38D038D3 /* [CP] Embed Pods Frameworks */,
				6B9F80B97367DCF6E6AD6949 /* [CP] Copy Pods Resources */,
			);
			buildRules = (
			);
			dependencies = (
			);
			name = WorldWeatherDemo;
			productName = WorldWeatherDemo;
			productReference = D9BD4F7222FA9CA000B280C9 /* WorldWeatherDemo.app */;
			productType = "com.apple.product-type.application";
		};
		D9BD4F8C22FA9CA300B280C9 /* WorldWeatherDemoTests */ = {
			isa = PBXNativeTarget;
			buildConfigurationList = D9BD4FA422FA9CA300B280C9 /* Build configuration list for PBXNativeTarget "WorldWeatherDemoTests" */;
			buildPhases = (
				3B1DE3D5392ADA608C8DC3CF /* [CP] Check Pods Manifest.lock */,
				D9BD4F8922FA9CA300B280C9 /* Sources */,
				D9BD4F8A22FA9CA300B280C9 /* Frameworks */,
				D9BD4F8B22FA9CA300B280C9 /* Resources */,
				8AE3A70343FFC48D781A53A0 /* [CP] Embed Pods Frameworks */,
				645ACE3E85CB6DBA309D687A /* [CP] Copy Pods Resources */,
			);
			buildRules = (
			);
			dependencies = (
				D9BD4F8F22FA9CA300B280C9 /* PBXTargetDependency */,
			);
			name = WorldWeatherDemoTests;
			productName = WorldWeatherDemoTests;
			productReference = D9BD4F8D22FA9CA300B280C9 /* WorldWeatherDemoTests.xctest */;
			productType = "com.apple.product-type.bundle.unit-test";
		};
/* End PBXNativeTarget section */

/* Begin PBXProject section */
		D9BD4F6A22FA9CA000B280C9 /* Project object */ = {
			isa = PBXProject;
			attributes = {
				LastUpgradeCheck = 1030;
				ORGANIZATIONNAME = svzh;
				TargetAttributes = {
					D9BD4F7122FA9CA000B280C9 = {
						CreatedOnToolsVersion = 10.3;
					};
					D9BD4F8C22FA9CA300B280C9 = {
						CreatedOnToolsVersion = 10.3;
						TestTargetID = D9BD4F7122FA9CA000B280C9;
					};
				};
			};
			buildConfigurationList = D9BD4F6D22FA9CA000B280C9 /* Build configuration list for PBXProject "WorldWeatherDemo" */;
			compatibilityVersion = "Xcode 9.3";
			developmentRegion = en;
			hasScannedForEncodings = 0;
			knownRegions = (
				en,
				Base,
			);
			mainGroup = D9BD4F6922FA9CA000B280C9;
			productRefGroup = D9BD4F7322FA9CA000B280C9 /* Products */;
			projectDirPath = "";
			projectRoot = "";
			targets = (
				D9BD4F7122FA9CA000B280C9 /* WorldWeatherDemo */,
				D9BD4F8C22FA9CA300B280C9 /* WorldWeatherDemoTests */,
			);
		};
/* End PBXProject section */

/* Begin PBXResourcesBuildPhase section */
		D9BD4F7022FA9CA000B280C9 /* Resources */ = {
			isa = PBXResourcesBuildPhase;
			buildActionMask = 2147483647;
			files = (
				D9BD4F8522FA9CA300B280C9 /* LaunchScreen.storyboard in Resources */,
				D9C69E1723004C4B00AA3DE5 /* CountriesList.storyboard in Resources */,
				D9BD4F8222FA9CA300B280C9 /* Assets.xcassets in Resources */,
				D9F0153522FEAA7E000D1F2B /* DetailedWeatherViewController.xib in Resources */,
				D9C69E0F22FF1AD000AA3DE5 /* CountriesListCell.xib in Resources */,
				D9BD4F7D22FA9CA000B280C9 /* Main.storyboard in Resources */,
			);
			runOnlyForDeploymentPostprocessing = 0;
		};
		D9BD4F8B22FA9CA300B280C9 /* Resources */ = {
			isa = PBXResourcesBuildPhase;
			buildActionMask = 2147483647;
			files = (
			);
			runOnlyForDeploymentPostprocessing = 0;
		};
/* End PBXResourcesBuildPhase section */

/* Begin PBXShellScriptBuildPhase section */
		3B1DE3D5392ADA608C8DC3CF /* [CP] Check Pods Manifest.lock */ = {
			isa = PBXShellScriptBuildPhase;
			buildActionMask = 2147483647;
			files = (
			);
			inputPaths = (
				"${PODS_PODFILE_DIR_PATH}/Podfile.lock",
				"${PODS_ROOT}/Manifest.lock",
			);
			name = "[CP] Check Pods Manifest.lock";
			outputPaths = (
				"$(DERIVED_FILE_DIR)/Pods-WorldWeatherDemoTests-checkManifestLockResult.txt",
			);
			runOnlyForDeploymentPostprocessing = 0;
			shellPath = /bin/sh;
			shellScript = "diff \"${PODS_PODFILE_DIR_PATH}/Podfile.lock\" \"${PODS_ROOT}/Manifest.lock\" > /dev/null\nif [ $? != 0 ] ; then\n    # print error to STDERR\n    echo \"error: The sandbox is not in sync with the Podfile.lock. Run 'pod install' or update your CocoaPods installation.\" >&2\n    exit 1\nfi\n# This output is used by Xcode 'outputs' to avoid re-running this script phase.\necho \"SUCCESS\" > \"${SCRIPT_OUTPUT_FILE_0}\"\n";
			showEnvVarsInLog = 0;
		};
		645ACE3E85CB6DBA309D687A /* [CP] Copy Pods Resources */ = {
			isa = PBXShellScriptBuildPhase;
			buildActionMask = 2147483647;
			files = (
			);
			inputPaths = (
			);
			name = "[CP] Copy Pods Resources";
			outputPaths = (
			);
			runOnlyForDeploymentPostprocessing = 0;
			shellPath = /bin/sh;
			shellScript = "\"${SRCROOT}/Pods/Target Support Files/Pods-WorldWeatherDemoTests/Pods-WorldWeatherDemoTests-resources.sh\"\n";
			showEnvVarsInLog = 0;
		};
		6B9F80B97367DCF6E6AD6949 /* [CP] Copy Pods Resources */ = {
			isa = PBXShellScriptBuildPhase;
			buildActionMask = 2147483647;
			files = (
			);
			inputPaths = (
			);
			name = "[CP] Copy Pods Resources";
			outputPaths = (
			);
			runOnlyForDeploymentPostprocessing = 0;
			shellPath = /bin/sh;
			shellScript = "\"${SRCROOT}/Pods/Target Support Files/Pods-WorldWeatherDemo/Pods-WorldWeatherDemo-resources.sh\"\n";
			showEnvVarsInLog = 0;
		};
		837F145EB7ED2FFA38D038D3 /* [CP] Embed Pods Frameworks */ = {
			isa = PBXShellScriptBuildPhase;
			buildActionMask = 2147483647;
			files = (
			);
			inputPaths = (
			);
			name = "[CP] Embed Pods Frameworks";
			outputPaths = (
			);
			runOnlyForDeploymentPostprocessing = 0;
			shellPath = /bin/sh;
			shellScript = "\"${SRCROOT}/Pods/Target Support Files/Pods-WorldWeatherDemo/Pods-WorldWeatherDemo-frameworks.sh\"\n";
			showEnvVarsInLog = 0;
		};
		89623FCC25D83D4FE20995F3 /* [CP] Check Pods Manifest.lock */ = {
			isa = PBXShellScriptBuildPhase;
			buildActionMask = 2147483647;
			files = (
			);
			inputPaths = (
				"${PODS_PODFILE_DIR_PATH}/Podfile.lock",
				"${PODS_ROOT}/Manifest.lock",
			);
			name = "[CP] Check Pods Manifest.lock";
			outputPaths = (
				"$(DERIVED_FILE_DIR)/Pods-WorldWeatherDemo-checkManifestLockResult.txt",
			);
			runOnlyForDeploymentPostprocessing = 0;
			shellPath = /bin/sh;
			shellScript = "diff \"${PODS_PODFILE_DIR_PATH}/Podfile.lock\" \"${PODS_ROOT}/Manifest.lock\" > /dev/null\nif [ $? != 0 ] ; then\n    # print error to STDERR\n    echo \"error: The sandbox is not in sync with the Podfile.lock. Run 'pod install' or update your CocoaPods installation.\" >&2\n    exit 1\nfi\n# This output is used by Xcode 'outputs' to avoid re-running this script phase.\necho \"SUCCESS\" > \"${SCRIPT_OUTPUT_FILE_0}\"\n";
			showEnvVarsInLog = 0;
		};
		8AE3A70343FFC48D781A53A0 /* [CP] Embed Pods Frameworks */ = {
			isa = PBXShellScriptBuildPhase;
			buildActionMask = 2147483647;
			files = (
			);
			inputPaths = (
			);
			name = "[CP] Embed Pods Frameworks";
			outputPaths = (
			);
			runOnlyForDeploymentPostprocessing = 0;
			shellPath = /bin/sh;
			shellScript = "\"${SRCROOT}/Pods/Target Support Files/Pods-WorldWeatherDemoTests/Pods-WorldWeatherDemoTests-frameworks.sh\"\n";
			showEnvVarsInLog = 0;
		};
/* End PBXShellScriptBuildPhase section */

/* Begin PBXSourcesBuildPhase section */
		D9BD4F6E22FA9CA000B280C9 /* Sources */ = {
			isa = PBXSourcesBuildPhase;
			buildActionMask = 2147483647;
			files = (
				D9C69E1222FF2A4E00AA3DE5 /* CountriesListTableViewCell.m in Sources */,
				D995EDA422FAB223003FA6DD /* AbstractAssembler.m in Sources */,
				D9BD45A322FEA7E500B2414B /* DetailedWeatherPresenter.m in Sources */,
				D9BD45A722FEA85100B2414B /* DetailedWeatherAssembler.m in Sources */,
				D9E62D0D22FE9F6000B65CC6 /* BaseRouter.m in Sources */,
				D9BD45A922FEA86000B2414B /* CountriesListPresenter.m in Sources */,
				D9BD45A522FEA80E00B2414B /* CountriesListAssembler.m in Sources */,
				D9BD45AD22FEA88E00B2414B /* CountriesListTableViewController.m in Sources */,
				D9BD4F8022FA9CA000B280C9 /* WorldWeatherDemo.xcdatamodeld in Sources */,
				D9BD4F8822FA9CA300B280C9 /* main.m in Sources */,
				D9BD45AB22FEA88000B2414B /* DetailedWeatherViewController.m in Sources */,
				D9BD4F7722FA9CA000B280C9 /* AppDelegate.m in Sources */,
				D9E62D0322FE994D00B65CC6 /* ModuleAssemblerFactory.m in Sources */,
			);
			runOnlyForDeploymentPostprocessing = 0;
		};
		D9BD4F8922FA9CA300B280C9 /* Sources */ = {
			isa = PBXSourcesBuildPhase;
			buildActionMask = 2147483647;
			files = (
				D9C69E1B23040E7600AA3DE5 /* CountriesListPresenterTests.m in Sources */,
			);
			runOnlyForDeploymentPostprocessing = 0;
		};
/* End PBXSourcesBuildPhase section */

/* Begin PBXTargetDependency section */
		D9BD4F8F22FA9CA300B280C9 /* PBXTargetDependency */ = {
			isa = PBXTargetDependency;
			target = D9BD4F7122FA9CA000B280C9 /* WorldWeatherDemo */;
			targetProxy = D9BD4F8E22FA9CA300B280C9 /* PBXContainerItemProxy */;
		};
/* End PBXTargetDependency section */

/* Begin PBXVariantGroup section */
		D9BD4F7B22FA9CA000B280C9 /* Main.storyboard */ = {
			isa = PBXVariantGroup;
			children = (
				D9BD4F7C22FA9CA000B280C9 /* Base */,
			);
			name = Main.storyboard;
			sourceTree = "<group>";
		};
		D9BD4F8322FA9CA300B280C9 /* LaunchScreen.storyboard */ = {
			isa = PBXVariantGroup;
			children = (
				D9BD4F8422FA9CA300B280C9 /* Base */,
			);
			name = LaunchScreen.storyboard;
			sourceTree = "<group>";
		};
/* End PBXVariantGroup section */

/* Begin XCBuildConfiguration section */
		D9BD4F9F22FA9CA300B280C9 /* Debug */ = {
			isa = XCBuildConfiguration;
			buildSettings = {
				ALWAYS_SEARCH_USER_PATHS = NO;
				CLANG_ANALYZER_NONNULL = YES;
				CLANG_ANALYZER_NUMBER_OBJECT_CONVERSION = YES_AGGRESSIVE;
				CLANG_CXX_LANGUAGE_STANDARD = "gnu++14";
				CLANG_CXX_LIBRARY = "libc++";
				CLANG_ENABLE_MODULES = YES;
				CLANG_ENABLE_OBJC_ARC = YES;
				CLANG_ENABLE_OBJC_WEAK = YES;
				CLANG_WARN_BLOCK_CAPTURE_AUTORELEASING = YES;
				CLANG_WARN_BOOL_CONVERSION = YES;
				CLANG_WARN_COMMA = YES;
				CLANG_WARN_CONSTANT_CONVERSION = YES;
				CLANG_WARN_DEPRECATED_OBJC_IMPLEMENTATIONS = YES;
				CLANG_WARN_DIRECT_OBJC_ISA_USAGE = YES_ERROR;
				CLANG_WARN_DOCUMENTATION_COMMENTS = YES;
				CLANG_WARN_EMPTY_BODY = YES;
				CLANG_WARN_ENUM_CONVERSION = YES;
				CLANG_WARN_INFINITE_RECURSION = YES;
				CLANG_WARN_INT_CONVERSION = YES;
				CLANG_WARN_NON_LITERAL_NULL_CONVERSION = YES;
				CLANG_WARN_OBJC_IMPLICIT_RETAIN_SELF = YES;
				CLANG_WARN_OBJC_LITERAL_CONVERSION = YES;
				CLANG_WARN_OBJC_ROOT_CLASS = YES_ERROR;
				CLANG_WARN_RANGE_LOOP_ANALYSIS = YES;
				CLANG_WARN_STRICT_PROTOTYPES = YES;
				CLANG_WARN_SUSPICIOUS_MOVE = YES;
				CLANG_WARN_UNGUARDED_AVAILABILITY = YES_AGGRESSIVE;
				CLANG_WARN_UNREACHABLE_CODE = YES;
				CLANG_WARN__DUPLICATE_METHOD_MATCH = YES;
				CODE_SIGN_IDENTITY = "iPhone Developer";
				COPY_PHASE_STRIP = NO;
				DEBUG_INFORMATION_FORMAT = dwarf;
				ENABLE_STRICT_OBJC_MSGSEND = YES;
				ENABLE_TESTABILITY = YES;
				GCC_C_LANGUAGE_STANDARD = gnu11;
				GCC_DYNAMIC_NO_PIC = NO;
				GCC_NO_COMMON_BLOCKS = YES;
				GCC_OPTIMIZATION_LEVEL = 0;
				GCC_PREFIX_HEADER = "$(SRCROOT)/WorldWeatherDemo/WorldWeatherDemo-Prefix.pch";
				GCC_PREPROCESSOR_DEFINITIONS = (
					"DEBUG=1",
					"$(inherited)",
				);
				GCC_WARN_64_TO_32_BIT_CONVERSION = YES;
				GCC_WARN_ABOUT_RETURN_TYPE = YES_ERROR;
				GCC_WARN_UNDECLARED_SELECTOR = YES;
				GCC_WARN_UNINITIALIZED_AUTOS = YES_AGGRESSIVE;
				GCC_WARN_UNUSED_FUNCTION = YES;
				GCC_WARN_UNUSED_VARIABLE = YES;
				IPHONEOS_DEPLOYMENT_TARGET = 12.4;
				MTL_ENABLE_DEBUG_INFO = INCLUDE_SOURCE;
				MTL_FAST_MATH = YES;
				ONLY_ACTIVE_ARCH = YES;
				SCAN_ALL_SOURCE_FILES_FOR_INCLUDES = NO;
				SDKROOT = iphoneos;
				USER_HEADER_SEARCH_PATHS = "\"$(SRCROOT)/WorldWeatherDemo\"/**";
				USE_HEADERMAP = YES;
			};
			name = Debug;
		};
		D9BD4FA022FA9CA300B280C9 /* Release */ = {
			isa = XCBuildConfiguration;
			buildSettings = {
				ALWAYS_SEARCH_USER_PATHS = NO;
				CLANG_ANALYZER_NONNULL = YES;
				CLANG_ANALYZER_NUMBER_OBJECT_CONVERSION = YES_AGGRESSIVE;
				CLANG_CXX_LANGUAGE_STANDARD = "gnu++14";
				CLANG_CXX_LIBRARY = "libc++";
				CLANG_ENABLE_MODULES = YES;
				CLANG_ENABLE_OBJC_ARC = YES;
				CLANG_ENABLE_OBJC_WEAK = YES;
				CLANG_WARN_BLOCK_CAPTURE_AUTORELEASING = YES;
				CLANG_WARN_BOOL_CONVERSION = YES;
				CLANG_WARN_COMMA = YES;
				CLANG_WARN_CONSTANT_CONVERSION = YES;
				CLANG_WARN_DEPRECATED_OBJC_IMPLEMENTATIONS = YES;
				CLANG_WARN_DIRECT_OBJC_ISA_USAGE = YES_ERROR;
				CLANG_WARN_DOCUMENTATION_COMMENTS = YES;
				CLANG_WARN_EMPTY_BODY = YES;
				CLANG_WARN_ENUM_CONVERSION = YES;
				CLANG_WARN_INFINITE_RECURSION = YES;
				CLANG_WARN_INT_CONVERSION = YES;
				CLANG_WARN_NON_LITERAL_NULL_CONVERSION = YES;
				CLANG_WARN_OBJC_IMPLICIT_RETAIN_SELF = YES;
				CLANG_WARN_OBJC_LITERAL_CONVERSION = YES;
				CLANG_WARN_OBJC_ROOT_CLASS = YES_ERROR;
				CLANG_WARN_RANGE_LOOP_ANALYSIS = YES;
				CLANG_WARN_STRICT_PROTOTYPES = YES;
				CLANG_WARN_SUSPICIOUS_MOVE = YES;
				CLANG_WARN_UNGUARDED_AVAILABILITY = YES_AGGRESSIVE;
				CLANG_WARN_UNREACHABLE_CODE = YES;
				CLANG_WARN__DUPLICATE_METHOD_MATCH = YES;
				CODE_SIGN_IDENTITY = "iPhone Developer";
				COPY_PHASE_STRIP = NO;
				DEBUG_INFORMATION_FORMAT = "dwarf-with-dsym";
				ENABLE_NS_ASSERTIONS = NO;
				ENABLE_STRICT_OBJC_MSGSEND = YES;
				GCC_C_LANGUAGE_STANDARD = gnu11;
				GCC_NO_COMMON_BLOCKS = YES;
				GCC_PREFIX_HEADER = "$(SRCROOT)/WorldWeatherDemo/WorldWeatherDemo-Prefix.pch";
				GCC_WARN_64_TO_32_BIT_CONVERSION = YES;
				GCC_WARN_ABOUT_RETURN_TYPE = YES_ERROR;
				GCC_WARN_UNDECLARED_SELECTOR = YES;
				GCC_WARN_UNINITIALIZED_AUTOS = YES_AGGRESSIVE;
				GCC_WARN_UNUSED_FUNCTION = YES;
				GCC_WARN_UNUSED_VARIABLE = YES;
				IPHONEOS_DEPLOYMENT_TARGET = 12.4;
				MTL_ENABLE_DEBUG_INFO = NO;
				MTL_FAST_MATH = YES;
				SCAN_ALL_SOURCE_FILES_FOR_INCLUDES = NO;
				SDKROOT = iphoneos;
				USER_HEADER_SEARCH_PATHS = "\"$(SRCROOT)/WorldWeatherDemo\"/**";
				USE_HEADERMAP = YES;
				VALIDATE_PRODUCT = YES;
			};
			name = Release;
		};
		D9BD4FA222FA9CA300B280C9 /* Debug */ = {
			isa = XCBuildConfiguration;
			baseConfigurationReference = 6E213CDE254B396592614C92 /* Pods-WorldWeatherDemo.debug.xcconfig */;
			buildSettings = {
				ASSETCATALOG_COMPILER_APPICON_NAME = AppIcon;
				CODE_SIGN_STYLE = Automatic;
				DEVELOPMENT_TEAM = 597DF497MN;
				INFOPLIST_FILE = WorldWeatherDemo/Info.plist;
				LD_RUNPATH_SEARCH_PATHS = (
					"$(inherited)",
					"@executable_path/Frameworks",
				);
				PRODUCT_BUNDLE_IDENTIFIER = svzh.WorldWeatherDemo;
				PRODUCT_NAME = "$(TARGET_NAME)";
				TARGETED_DEVICE_FAMILY = "1,2";
			};
			name = Debug;
		};
		D9BD4FA322FA9CA300B280C9 /* Release */ = {
			isa = XCBuildConfiguration;
			baseConfigurationReference = 72105640C09B497B0917ABB2 /* Pods-WorldWeatherDemo.release.xcconfig */;
			buildSettings = {
				ASSETCATALOG_COMPILER_APPICON_NAME = AppIcon;
				CODE_SIGN_STYLE = Automatic;
				DEVELOPMENT_TEAM = 597DF497MN;
				INFOPLIST_FILE = WorldWeatherDemo/Info.plist;
				LD_RUNPATH_SEARCH_PATHS = (
					"$(inherited)",
					"@executable_path/Frameworks",
				);
				PRODUCT_BUNDLE_IDENTIFIER = svzh.WorldWeatherDemo;
				PRODUCT_NAME = "$(TARGET_NAME)";
				TARGETED_DEVICE_FAMILY = "1,2";
			};
			name = Release;
		};
		D9BD4FA522FA9CA300B280C9 /* Debug */ = {
			isa = XCBuildConfiguration;
			baseConfigurationReference = C057E3BE19062571856AA23A /* Pods-WorldWeatherDemoTests.debug.xcconfig */;
			buildSettings = {
				BUNDLE_LOADER = "$(TEST_HOST)";
				CODE_SIGN_STYLE = Automatic;
				DEVELOPMENT_TEAM = 597DF497MN;
				HEADER_SEARCH_PATHS = "$(inherited)";
				INFOPLIST_FILE = WorldWeatherDemoTests/Info.plist;
				LD_RUNPATH_SEARCH_PATHS = (
					"$(inherited)",
					"@executable_path/Frameworks",
					"@loader_path/Frameworks",
				);
				LIBRARY_SEARCH_PATHS = (
					"$(inherited)",
					"$(PROJECT_DIR)",
					"$(PROJECT_DIR)/usr/include",
				);
				OTHER_LDFLAGS = "$(inherited)";
				PRODUCT_BUNDLE_IDENTIFIER = svzh.WorldWeatherDemoTests;
				PRODUCT_NAME = "$(TARGET_NAME)";
				TARGETED_DEVICE_FAMILY = "1,2";
				TEST_HOST = "$(BUILT_PRODUCTS_DIR)/WorldWeatherDemo.app/WorldWeatherDemo";
			};
			name = Debug;
		};
		D9BD4FA622FA9CA300B280C9 /* Release */ = {
			isa = XCBuildConfiguration;
			baseConfigurationReference = 59D17372BC70FD335BF5AA61 /* Pods-WorldWeatherDemoTests.release.xcconfig */;
			buildSettings = {
				BUNDLE_LOADER = "$(TEST_HOST)";
				CODE_SIGN_STYLE = Automatic;
				DEVELOPMENT_TEAM = 597DF497MN;
				HEADER_SEARCH_PATHS = "$(inherited)";
				INFOPLIST_FILE = WorldWeatherDemoTests/Info.plist;
				LD_RUNPATH_SEARCH_PATHS = (
					"$(inherited)",
					"@executable_path/Frameworks",
					"@loader_path/Frameworks",
				);
				LIBRARY_SEARCH_PATHS = (
					"$(inherited)",
					"$(PROJECT_DIR)",
					"$(PROJECT_DIR)/usr/include",
				);
				OTHER_LDFLAGS = "$(inherited)";
				PRODUCT_BUNDLE_IDENTIFIER = svzh.WorldWeatherDemoTests;
				PRODUCT_NAME = "$(TARGET_NAME)";
				TARGETED_DEVICE_FAMILY = "1,2";
				TEST_HOST = "$(BUILT_PRODUCTS_DIR)/WorldWeatherDemo.app/WorldWeatherDemo";
			};
			name = Release;
		};
/* End XCBuildConfiguration section */

/* Begin XCConfigurationList section */
		D9BD4F6D22FA9CA000B280C9 /* Build configuration list for PBXProject "WorldWeatherDemo" */ = {
			isa = XCConfigurationList;
			buildConfigurations = (
				D9BD4F9F22FA9CA300B280C9 /* Debug */,
				D9BD4FA022FA9CA300B280C9 /* Release */,
			);
			defaultConfigurationIsVisible = 0;
			defaultConfigurationName = Release;
		};
		D9BD4FA122FA9CA300B280C9 /* Build configuration list for PBXNativeTarget "WorldWeatherDemo" */ = {
			isa = XCConfigurationList;
			buildConfigurations = (
				D9BD4FA222FA9CA300B280C9 /* Debug */,
				D9BD4FA322FA9CA300B280C9 /* Release */,
			);
			defaultConfigurationIsVisible = 0;
			defaultConfigurationName = Release;
		};
		D9BD4FA422FA9CA300B280C9 /* Build configuration list for PBXNativeTarget "WorldWeatherDemoTests" */ = {
			isa = XCConfigurationList;
			buildConfigurations = (
				D9BD4FA522FA9CA300B280C9 /* Debug */,
				D9BD4FA622FA9CA300B280C9 /* Release */,
			);
			defaultConfigurationIsVisible = 0;
			defaultConfigurationName = Release;
		};
/* End XCConfigurationList section */

/* Begin XCVersionGroup section */
		D9BD4F7E22FA9CA000B280C9 /* WorldWeatherDemo.xcdatamodeld */ = {
			isa = XCVersionGroup;
			children = (
				D9BD4F7F22FA9CA000B280C9 /* WorldWeatherDemo.xcdatamodel */,
			);
			currentVersion = D9BD4F7F22FA9CA000B280C9 /* WorldWeatherDemo.xcdatamodel */;
			path = WorldWeatherDemo.xcdatamodeld;
			sourceTree = "<group>";
			versionGroupType = wrapper.xcdatamodel;
		};
/* End XCVersionGroup section */
	};
	rootObject = D9BD4F6A22FA9CA000B280C9 /* Project object */;
}
